
Microsoft Visual Studio Solution File, Format Version 12.00
# Visual Studio 15
VisualStudioVersion = 15.0.26430.12
MinimumVisualStudioVersion = 10.0.40219.1
Project("{2150E333-8FDC-42A3-9474-1A3956D46DE8}") = "02.StacksAndQueuesExcercise", "02.StacksAndQueuesExcercise", "{AB37BBD1-9445-4419-9E45-78CB4929CC52}"
EndProject
Project("{2150E333-8FDC-42A3-9474-1A3956D46DE8}") = "04.SetsAndDictionariesExcercise", "04.SetsAndDictionariesExcercise", "{6E6ECC0E-2DA3-4EED-B4F2-BB921A30CADD}"
EndProject
Project("{2150E333-8FDC-42A3-9474-1A3956D46DE8}") = "01.StacksAndQueuesLab", "01.StacksAndQueuesLab", "{B3DEBBE1-8948-4185-8757-F4C4632B100F}"
EndProject
Project("{FAE04EC0-301F-11D3-BF4B-00C04F79EFBC}") = "06.MathPotato", "01.StacksAndQueuesLab\06.MathPotato\06.MathPotato.csproj", "{24EAF5E3-5B77-4055-87D7-B286394FA555}"
EndProject
Project("{FAE04EC0-301F-11D3-BF4B-00C04F79EFBC}") = "01.ReverseStrings", "01.StacksAndQueuesLab\01.ReverseStrings\01.ReverseStrings.csproj", "{135C1C7B-B443-4537-98DB-1E5AF56EFADE}"
EndProject
Project("{FAE04EC0-301F-11D3-BF4B-00C04F79EFBC}") = "02.SimpleCalculator", "01.StacksAndQueuesLab\02.SimpleCalculator\02.SimpleCalculator.csproj", "{7A54E2EA-8CA8-4330-8596-B2AABBF57730}"
EndProject
Project("{FAE04EC0-301F-11D3-BF4B-00C04F79EFBC}") = "03.DecimalToBinaryConverter", "01.StacksAndQueuesLab\03.DecimalToBinaryConverter\03.DecimalToBinaryConverter.csproj", "{AA0048B7-4BD2-478F-9CEC-8CD5D5362218}"
EndProject
Project("{FAE04EC0-301F-11D3-BF4B-00C04F79EFBC}") = "04.MatchingBrackets", "01.StacksAndQueuesLab\04.MatchingBrackets\04.MatchingBrackets.csproj", "{51E3E164-1B42-4E9F-BDD4-FD4D93569D01}"
EndProject
Project("{FAE04EC0-301F-11D3-BF4B-00C04F79EFBC}") = "05.HotPotato", "01.StacksAndQueuesLab\05.HotPotato\05.HotPotato.csproj", "{E633D81A-2247-4B74-9CCA-D611F96CA8C8}"
EndProject
Project("{FAE04EC0-301F-11D3-BF4B-00C04F79EFBC}") = "01.ReverseNumbers", "02.StacksAndQueuesExcercise\01.ReverseNumbers\01.ReverseNumbers.csproj", "{A7D9FBDB-86F2-4B9E-8376-96059A280110}"
EndProject
Project("{FAE04EC0-301F-11D3-BF4B-00C04F79EFBC}") = "02.BasicStackOperations", "02.StacksAndQueuesExcercise\02.BasicStackOperations\02.BasicStackOperations.csproj", "{01124DF3-0DA3-48C8-9606-01FC724982AD}"
EndProject
Project("{FAE04EC0-301F-11D3-BF4B-00C04F79EFBC}") = "03.MaximumElement", "02.StacksAndQueuesExcercise\03.MaximumElement\03.MaximumElement.csproj", "{6E18DC89-D6F6-4133-8AD0-15E07CBB6DD1}"
EndProject
Project("{2150E333-8FDC-42A3-9474-1A3956D46DE8}") = "03.SetsAndDictionariesLab", "03.SetsAndDictionariesLab", "{AFD00E59-D45A-439E-9539-8E6DF15FCDD4}"
EndProject
Project("{FAE04EC0-301F-11D3-BF4B-00C04F79EFBC}") = "01.ParkingLot", "03.SetsAndDictionariesLab\01.ParkingLot\01.ParkingLot.csproj", "{C76D3295-0A52-4512-8C7D-85EFA5DA5D1A}"
EndProject
Project("{FAE04EC0-301F-11D3-BF4B-00C04F79EFBC}") = "02.SoftUniParty", "03.SetsAndDictionariesLab\02.SoftUniParty\02.SoftUniParty.csproj", "{F2C1471E-F28E-4602-BCDF-E3DC4DD69535}"
EndProject
Project("{FAE04EC0-301F-11D3-BF4B-00C04F79EFBC}") = "03.CountSameValuesInArray", "03.SetsAndDictionariesLab\03.CountSameValuesInArray\03.CountSameValuesInArray.csproj", "{636D68A8-E24B-4304-B0A8-2F35A094FA23}"
EndProject
Project("{FAE04EC0-301F-11D3-BF4B-00C04F79EFBC}") = "04.AcademyGraduation", "03.SetsAndDictionariesLab\04.AcademyGraduation\04.AcademyGraduation.csproj", "{D176DCCD-034A-4A15-AB2A-4CBCC3376137}"
EndProject
Project("{FAE04EC0-301F-11D3-BF4B-00C04F79EFBC}") = "01.UniqueUsernames", "04.SetsAndDictionariesExercise\01.UniqueUsernames\01.UniqueUsernames.csproj", "{9B32CA0E-382A-4F25-BA4A-0B314427E1C9}"
EndProject
Project("{FAE04EC0-301F-11D3-BF4B-00C04F79EFBC}") = "02.SetsOfElements", "04.SetsAndDictionariesExercise\02.SetsOfElements\02.SetsOfElements.csproj", "{6EF76D1A-999A-403F-B35D-CA4D87987BD9}"
EndProject
Project("{FAE04EC0-301F-11D3-BF4B-00C04F79EFBC}") = "03.PeriodicTable", "04.SetsAndDictionariesExercise\03.PeriodicTable\03.PeriodicTable.csproj", "{56B9E260-5BCF-48DF-BEC5-35A95B16F988}"
EndProject
Project("{FAE04EC0-301F-11D3-BF4B-00C04F79EFBC}") = "04.CountSymbols", "04.SetsAndDictionariesExercise\04.CountSymbols\04.CountSymbols.csproj", "{B744A560-A524-4A00-92CC-EE26E76B8671}"
EndProject
Project("{FAE04EC0-301F-11D3-BF4B-00C04F79EFBC}") = "05.Phonebook", "04.SetsAndDictionariesExercise\05.Phonebook\05.Phonebook.csproj", "{6214E2F9-F0D5-4807-AE44-0BC1CF37B814}"
EndProject
Project("{FAE04EC0-301F-11D3-BF4B-00C04F79EFBC}") = "06.MinersTask", "04.SetsAndDictionariesExercise\06.MinersTask\06.MinersTask.csproj", "{DF5D27C0-5A94-45AB-B8C1-EBC6387C55BA}"
EndProject
Project("{FAE04EC0-301F-11D3-BF4B-00C04F79EFBC}") = "07.FixEmails", "04.SetsAndDictionariesExercise\07.FixEmails\07.FixEmails.csproj", "{FD70D448-BA1E-46F6-A7C5-818D4AAC9A64}"
EndProject
Project("{FAE04EC0-301F-11D3-BF4B-00C04F79EFBC}") = "08.HandsOfCards", "04.SetsAndDictionariesExercise\08.HandsOfCards\08.HandsOfCards.csproj", "{932DD7BA-1622-419C-8F80-A478CC0591AD}"
EndProject
Project("{FAE04EC0-301F-11D3-BF4B-00C04F79EFBC}") = "09.UserLogs", "04.SetsAndDictionariesExercise\09.UserLogs\09.UserLogs.csproj", "{78D1BB2B-D020-402F-AC66-F4E191D9C978}"
EndProject
Project("{FAE04EC0-301F-11D3-BF4B-00C04F79EFBC}") = "10.PopulationCounter", "04.SetsAndDictionariesExercise\10.PopulationCounter\10.PopulationCounter.csproj", "{1D295FB3-1239-4E16-8AA6-94133BFD9927}"
EndProject
Project("{FAE04EC0-301F-11D3-BF4B-00C04F79EFBC}") = "11.LogsAggregator", "04.SetsAndDictionariesExercise\11.LogsAggregator\11.LogsAggregator.csproj", "{C994DD25-DA58-4185-A09B-C0C17E1F915A}"
EndProject
Project("{FAE04EC0-301F-11D3-BF4B-00C04F79EFBC}") = "12.LegendaryFarming", "04.SetsAndDictionariesExercise\12.LegendaryFarming\12.LegendaryFarming.csproj", "{70053226-0A6B-4F50-8F7D-431BA975956E}"
EndProject
Project("{FAE04EC0-301F-11D3-BF4B-00C04F79EFBC}") = "13.SrabskoUnleashed", "04.SetsAndDictionariesExercise\13.SrabskoUnleashed\13.SrabskoUnleashed.csproj", "{F08FA231-6493-49F1-9E31-26A55F23EF07}"
EndProject
Project("{FAE04EC0-301F-11D3-BF4B-00C04F79EFBC}") = "04.BasicQueueOperations", "02.StacksAndQueuesExcercise\04.BasicQueueOperations\04.BasicQueueOperations.csproj", "{DBAFEAA9-7CD2-40F2-A4A9-CD28D4D1E50F}"
EndProject
Project("{FAE04EC0-301F-11D3-BF4B-00C04F79EFBC}") = "05.SequenceWithQueue", "02.StacksAndQueuesExcercise\05.SequenceWithQueue\05.SequenceWithQueue.csproj", "{006FFD8C-C69E-4514-87E3-7637EEA96556}"
EndProject
Project("{FAE04EC0-301F-11D3-BF4B-00C04F79EFBC}") = "07.BalancedParenthesis", "02.StacksAndQueuesExcercise\07.BalancedParenthesis\07.BalancedParenthesis.csproj", "{DAB72A77-D13F-47B1-9FDD-128D0BD1B199}"
EndProject
Project("{FAE04EC0-301F-11D3-BF4B-00C04F79EFBC}") = "08.RecursiveFibonacci", "02.StacksAndQueuesExcercise\08.RecursiveFibonacci\08.RecursiveFibonacci.csproj", "{70212D9C-899F-43C5-A87F-1BBEC531B619}"
EndProject
Project("{FAE04EC0-301F-11D3-BF4B-00C04F79EFBC}") = "09.StackFibonacci", "02.StacksAndQueuesExcercise\09.StackFibonacci\09.StackFibonacci.csproj", "{35ACD4F9-320F-4846-93BC-BE72B86655FC}"
EndProject
Project("{FAE04EC0-301F-11D3-BF4B-00C04F79EFBC}") = "10.SimpleTextEditor", "02.StacksAndQueuesExcercise\10.SimpleTextEditor\10.SimpleTextEditor.csproj", "{D3914954-0C49-413B-AD09-F5115145C127}"
EndProject
Project("{FAE04EC0-301F-11D3-BF4B-00C04F79EFBC}") = "11.PoisonousPlants", "02.StacksAndQueuesExcercise\11.PoisonousPlants\11.PoisonousPlants.csproj", "{35D14E84-95DF-4133-9FCF-B967BD9B3AA4}"
EndProject
Project("{2150E333-8FDC-42A3-9474-1A3956D46DE8}") = "05.MatricesLab", "05.MatricesLab", "{B7EDB1DC-994D-4790-B40E-93E6E48B7B21}"
EndProject
Project("{FAE04EC0-301F-11D3-BF4B-00C04F79EFBC}") = "01.SumOfAllElementsOfMatrix", "05.MatricesLab\01.SumOfAllElementsOfMatrix\01.SumOfAllElementsOfMatrix.csproj", "{FCBD8B42-4382-4FF5-8602-F5ADC2990696}"
EndProject
Project("{FAE04EC0-301F-11D3-BF4B-00C04F79EFBC}") = "03.GroupNumbers", "05.MatricesLab\03.GroupNumbers\03.GroupNumbers.csproj", "{33247429-9B1D-4322-88DF-BE9767308C2A}"
EndProject
Project("{FAE04EC0-301F-11D3-BF4B-00C04F79EFBC}") = "04.PascalTriangle", "05.MatricesLab\04.PascalTriangle\04.PascalTriangle.csproj", "{D68AA88D-DB66-4C60-BE0F-3C9347F87044}"
EndProject
Project("{2150E333-8FDC-42A3-9474-1A3956D46DE8}") = "06.MatricesExercise", "06.MatricesExercise", "{7297D9CD-EBEA-46B2-9866-BB3841CA9957}"
EndProject
Project("{FAE04EC0-301F-11D3-BF4B-00C04F79EFBC}") = "01.MatrixOfPalindromes", "06.MatricesExercise\01.MatrixOfPalindromes\01.MatrixOfPalindromes.csproj", "{6579EA12-7FEA-482B-87EB-3E1854972E5D}"
EndProject
Project("{FAE04EC0-301F-11D3-BF4B-00C04F79EFBC}") = "02.DiagonalDifference", "06.MatricesExercise\02.DiagonalDifference\02.DiagonalDifference.csproj", "{D0E7FBFB-1C0D-4653-9467-884BB9471860}"
EndProject
Project("{FAE04EC0-301F-11D3-BF4B-00C04F79EFBC}") = "03.SquaresInMatrix", "06.MatricesExercise\03.SquaresInMatrix\03.SquaresInMatrix.csproj", "{31B4D449-1F5A-4058-A49C-CF7C7BD51678}"
EndProject
Project("{FAE04EC0-301F-11D3-BF4B-00C04F79EFBC}") = "02.SquareWithMaximumSum", "05.MatricesLab\02.SquareWithMaximumSum\02.SquareWithMaximumSum.csproj", "{8201C2BB-1FFF-4E27-AB75-AB44E8379668}"
EndProject
Project("{FAE04EC0-301F-11D3-BF4B-00C04F79EFBC}") = "04.MaximalSum", "06.MatricesExercise\04.MaximalSum\04.MaximalSum.csproj", "{40A16058-EF8B-48E1-A131-73256E6F34A3}"
EndProject
Project("{FAE04EC0-301F-11D3-BF4B-00C04F79EFBC}") = "05.RubiksMatrix", "06.MatricesExercise\05.RubiksMatrix\05.RubiksMatrix.csproj", "{D8E8C3BB-4768-4F48-A4D5-F6E96779736E}"
EndProject
Project("{FAE04EC0-301F-11D3-BF4B-00C04F79EFBC}") = "07.LegoBlocks", "06.MatricesExercise\07.LegoBlocks\07.LegoBlocks.csproj", "{387140C4-F8B7-4879-994F-40A526F17240}"
EndProject
Project("{2150E333-8FDC-42A3-9474-1A3956D46DE8}") = "07.ManualStringProcessing", "07.ManualStringProcessing", "{FE561680-C932-43BC-A033-AA92689675FD}"
EndProject
Project("{FAE04EC0-301F-11D3-BF4B-00C04F79EFBC}") = "01.StudentsResults", "07.ManualStringProcessing\01.StudentsResults\01.StudentsResults.csproj", "{8FFCFC64-4A9F-4307-828A-405B9DEF87A9}"
EndProject
Project("{FAE04EC0-301F-11D3-BF4B-00C04F79EFBC}") = "02.ParseURLs", "07.ManualStringProcessing\02.ParseURLs\02.ParseURLs.csproj", "{9ECB38C9-B25D-4217-A3A2-7739B923930A}"
EndProject
Project("{FAE04EC0-301F-11D3-BF4B-00C04F79EFBC}") = "03.ParseTags", "07.ManualStringProcessing\03.ParseTags\03.ParseTags.csproj", "{0DA1A585-2953-4F1E-98A2-8A9991E5069D}"
EndProject
Project("{FAE04EC0-301F-11D3-BF4B-00C04F79EFBC}") = "04.SpecialWords", "07.ManualStringProcessing\04.SpecialWords\04.SpecialWords.csproj", "{3B891CCD-011C-4F45-9A98-4FF244548AD6}"
EndProject
Project("{FAE04EC0-301F-11D3-BF4B-00C04F79EFBC}") = "05.ConcatenateStrings", "07.ManualStringProcessing\05.ConcatenateStrings\05.ConcatenateStrings.csproj", "{DEA337C0-0766-424D-AA76-4A4C91DE7439}"
EndProject
Project("{2150E333-8FDC-42A3-9474-1A3956D46DE8}") = "08.ManualStringProcessingExercise", "08.ManualStringProcessingExercise", "{B6F2A440-1F29-49E6-AD9D-97424FD211B0}"
EndProject
Project("{FAE04EC0-301F-11D3-BF4B-00C04F79EFBC}") = "01.ReverseString", "08.ManualStringProcessingExercise\01.ReverseString\01.ReverseString.csproj", "{E27C25D1-9A4A-4282-A77D-0CE680AEDF6E}"
EndProject
Project("{FAE04EC0-301F-11D3-BF4B-00C04F79EFBC}") = "02.StringLength", "08.ManualStringProcessingExercise\02.StringLength\02.StringLength.csproj", "{ABB554D3-2891-40A7-BD76-8E6637D743B7}"
EndProject
Project("{FAE04EC0-301F-11D3-BF4B-00C04F79EFBC}") = "03FormattingNumbers", "08.ManualStringProcessingExercise\03FormattingNumbers\03FormattingNumbers.csproj", "{5D757E87-95FC-4FA3-9080-88107A95F08E}"
EndProject
Project("{FAE04EC0-301F-11D3-BF4B-00C04F79EFBC}") = "04.Base-10ToBase-N", "08.ManualStringProcessingExercise\04.Base-10ToBase-N\04.Base-10ToBase-N.csproj", "{8BE94700-5D37-44AC-9811-D881E92965BB}"
EndProject
Project("{FAE04EC0-301F-11D3-BF4B-00C04F79EFBC}") = "07.SumBigNumbers", "08.ManualStringProcessingExercise\07.SumBigNumbers\07.SumBigNumbers.csproj", "{B206ABBF-E406-4D19-BFC8-5EBE0EE822B4}"
EndProject
Project("{FAE04EC0-301F-11D3-BF4B-00C04F79EFBC}") = "09.TextFilter", "08.ManualStringProcessingExercise\09.TextFilter\09.TextFilter.csproj", "{EE66D081-72C2-4302-B37E-5E2FB240A4E4}"
EndProject
Project("{FAE04EC0-301F-11D3-BF4B-00C04F79EFBC}") = "10.UnicodeCharacters", "08.ManualStringProcessingExercise\10.UnicodeCharacters\10.UnicodeCharacters.csproj", "{4C111DC0-7EE3-40DB-AB1D-A32806BBFA17}"
EndProject
Project("{FAE04EC0-301F-11D3-BF4B-00C04F79EFBC}") = "16.ExtractHyperlinks", "08.ManualStringProcessingExercise\16.ExtractHyperlinks\16.ExtractHyperlinks.csproj", "{8F7D4B0A-C2FC-4AF8-B548-09C726B68453}"
EndProject
Project("{FAE04EC0-301F-11D3-BF4B-00C04F79EFBC}") = "06.CountSubstringOccurrences", "08.ManualStringProcessingExercise\06.CountSubstringOccurrences\06.CountSubstringOccurrences.csproj", "{3131822E-E73B-49D2-9C94-02E107D4FC88}"
EndProject
Project("{FAE04EC0-301F-11D3-BF4B-00C04F79EFBC}") = "08.MultiplyBigNumber", "08.ManualStringProcessingExercise\08.MultiplyBigNumber\08.MultiplyBigNumber.csproj", "{47BF989C-6C82-4353-B2D1-F302F1BEA626}"
EndProject
Project("{FAE04EC0-301F-11D3-BF4B-00C04F79EFBC}") = "05.BaseNToBase10", "08.ManualStringProcessingExercise\05.BaseNToBase10\05.BaseNToBase10.csproj", "{BEF491A1-7787-4CC1-B7FA-7724359606C2}"
EndProject
Project("{2150E333-8FDC-42A3-9474-1A3956D46DE8}") = "09.RegularExpressions", "09.RegularExpressions", "{97A3F143-F025-4479-A758-2F3B066C015B}"
EndProject
Project("{FAE04EC0-301F-11D3-BF4B-00C04F79EFBC}") = "01.MatchCount", "09.RegularExpressions\01.MatchCount\01.MatchCount.csproj", "{C48AAAC5-A23D-401E-97CE-32E5518750FB}"
EndProject
Project("{FAE04EC0-301F-11D3-BF4B-00C04F79EFBC}") = "02.VowelCount", "09.RegularExpressions\02.VowelCount\02.VowelCount.csproj", "{9EC67223-677A-41F4-9571-7429E6B64486}"
EndProject
Project("{FAE04EC0-301F-11D3-BF4B-00C04F79EFBC}") = "03.Non-DigitCount", "09.RegularExpressions\03.Non-DigitCount\03.Non-DigitCount.csproj", "{9182D412-F4DC-4B73-BE9F-09AE6DE9B658}"
EndProject
Project("{FAE04EC0-301F-11D3-BF4B-00C04F79EFBC}") = "04.ExtractIntegerNumbers", "09.RegularExpressions\04.ExtractIntegerNumbers\04.ExtractIntegerNumbers.csproj", "{CDFB17BD-2D20-4C94-B108-8586093C9BFF}"
EndProject
Project("{FAE04EC0-301F-11D3-BF4B-00C04F79EFBC}") = "05.ExtractTags", "09.RegularExpressions\05.ExtractTags\05.ExtractTags.csproj", "{03D7D359-66D6-4F63-B7F9-DB89FDCD5FB2}"
EndProject
Project("{FAE04EC0-301F-11D3-BF4B-00C04F79EFBC}") = "06.ValidUsernames", "09.RegularExpressions\06.ValidUsernames\06.ValidUsernames.csproj", "{052613A8-56F6-43C6-A92D-6DAF7C375465}"
EndProject
Project("{FAE04EC0-301F-11D3-BF4B-00C04F79EFBC}") = "07.ValidTime", "09.RegularExpressions\07.ValidTime\07.ValidTime.csproj", "{70B9D948-322A-4BC8-BECF-FD5BCB055A00}"
EndProject
Project("{FAE04EC0-301F-11D3-BF4B-00C04F79EFBC}") = "08.ExtractQuotations", "09.RegularExpressions\08.ExtractQuotations\08.ExtractQuotations.csproj", "{2BCF26E1-B7CF-4E70-BE76-3444C9027B0D}"
EndProject
Project("{2150E333-8FDC-42A3-9474-1A3956D46DE8}") = "10.RegularExpressionsExercise", "10.RegularExpressionsExercise", "{51E9F0CA-9756-4526-B6B5-4371874F89FF}"
EndProject
Project("{FAE04EC0-301F-11D3-BF4B-00C04F79EFBC}") = "01.MatchFullName", "19.RegularExpressionsExercise\01.MatchFullName\01.MatchFullName.csproj", "{745C3242-6F4A-4BC0-847C-5C7CA8A1DA2A}"
EndProject
Project("{FAE04EC0-301F-11D3-BF4B-00C04F79EFBC}") = "02.MatchPhoneNumber", "10.RegularExpressionsExercise\02.MatchPhoneNumber\02.MatchPhoneNumber.csproj", "{F1B8858C-AF97-4085-952F-F18D4C1190C2}"
EndProject
Project("{FAE04EC0-301F-11D3-BF4B-00C04F79EFBC}") = "03.SeriesOfLetters", "10.RegularExpressionsExercise\03.SeriesOfLetters\03.SeriesOfLetters.csproj", "{2CDD5E6C-C7E3-4E83-A4F8-5BB55299077C}"
EndProject
Project("{FAE04EC0-301F-11D3-BF4B-00C04F79EFBC}") = "04.ReplaceATag", "10.RegularExpressionsExercise\04.ReplaceATag\04.ReplaceATag.csproj", "{76AA31B8-BAFE-4EF4-B4E3-091A281E24BE}"
EndProject
Project("{FAE04EC0-301F-11D3-BF4B-00C04F79EFBC}") = "05.ExtractEmail", "10.RegularExpressionsExercise\05.ExtractEmail\05.ExtractEmail.csproj", "{14E598AB-53B0-4FAF-A37E-345137C1B91C}"
EndProject
Project("{FAE04EC0-301F-11D3-BF4B-00C04F79EFBC}") = "06.SentenceExtractor", "10.RegularExpressionsExercise\06.SentenceExtractor\06.SentenceExtractor.csproj", "{233A588F-6656-4AF5-8C24-E993D1F746A3}"
EndProject
Project("{FAE04EC0-301F-11D3-BF4B-00C04F79EFBC}") = "07.ValidUsernames", "10.RegularExpressionsExercise\07.ValidUsernames\07.ValidUsernames.csproj", "{D22C255D-BE35-4C05-8DA5-4E2D527A6763}"
EndProject
Project("{FAE04EC0-301F-11D3-BF4B-00C04F79EFBC}") = "08.ExtractHyperlinks", "10.RegularExpressionsExercise\08.ExtractHyperlinks\08.ExtractHyperlinks.csproj", "{44A296F4-52C3-45E5-867D-78618A784020}"
EndProject
Project("{2150E333-8FDC-42A3-9474-1A3956D46DE8}") = "11.FunctionalProgramming", "11.FunctionalProgramming", "{2970D239-FEAA-4C74-8FE5-5F459A801618}"
EndProject
Project("{FAE04EC0-301F-11D3-BF4B-00C04F79EFBC}") = "01.SortEvenNumbers", "11.FunctionalProgramming\01.SortEvenNumbers\01.SortEvenNumbers.csproj", "{28737B26-6EE8-459A-8F7C-8B1BECDEF4D8}"
EndProject
Project("{FAE04EC0-301F-11D3-BF4B-00C04F79EFBC}") = "04.AddVAT", "11.FunctionalProgramming\04.AddVAT\04.AddVAT.csproj", "{7E0CEB30-370A-43CB-A211-7F63707A41B8}"
EndProject
Project("{FAE04EC0-301F-11D3-BF4B-00C04F79EFBC}") = "02.SumNumbers", "11.FunctionalProgramming\02.SumNumbers\02.SumNumbers.csproj", "{26AE8F89-2FE4-4D1C-94BD-6A53A1EA9C02}"
EndProject
Project("{FAE04EC0-301F-11D3-BF4B-00C04F79EFBC}") = "03.CountUppercaseWords", "11.FunctionalProgramming\03.CountUppercaseWords\03.CountUppercaseWords.csproj", "{A42BB1C6-F17E-4E9F-B990-539AB4396CC1}"
EndProject
Project("{FAE04EC0-301F-11D3-BF4B-00C04F79EFBC}") = "05.FilterByAge", "11.FunctionalProgramming\05.FilterByAge\05.FilterByAge.csproj", "{79D81A72-0E44-455A-BB24-5ACC902C1967}"
EndProject
Project("{FAE04EC0-301F-11D3-BF4B-00C04F79EFBC}") = "09.QueryMess", "10.RegularExpressionsExercise\09.QueryMess\09.QueryMess.csproj", "{DF8D8B23-9734-4428-B717-651AC1F78C2C}"
EndProject
Project("{FAE04EC0-301F-11D3-BF4B-00C04F79EFBC}") = "12.CharacterMultiplier", "08.ManualStringProcessingExercise\12.CharacterMultiplier\12.CharacterMultiplier.csproj", "{469CAD69-7C1B-4608-B2B6-DCB0E9F3F3EB}"
EndProject
Project("{FAE04EC0-301F-11D3-BF4B-00C04F79EFBC}") = "13.MagicExchangeableWords", "08.ManualStringProcessingExercise\13.MagicExchangeableWords\13.MagicExchangeableWords.csproj", "{9B1BE015-EBE0-46D8-AA5F-CB7DCE1BA2D4}"
EndProject
Project("{FAE04EC0-301F-11D3-BF4B-00C04F79EFBC}") = "14.LettersChangeNumbers", "08.ManualStringProcessingExercise\14.LettersChangeNumbers\14.LettersChangeNumbers.csproj", "{F959ABB2-C205-4F12-A375-63F411504C88}"
EndProject
Project("{FAE04EC0-301F-11D3-BF4B-00C04F79EFBC}") = "15.MelrahShake", "08.ManualStringProcessingExercise\15.MelrahShake\15.MelrahShake.csproj", "{0B0D5431-2A7D-49A4-9185-6F7EBB18249D}"
EndProject
Project("{FAE04EC0-301F-11D3-BF4B-00C04F79EFBC}") = "01.ActionPrint", "12.FunctionalProgrammingExercise\01.ActionPrint\01.ActionPrint.csproj", "{89AAD974-3C11-44CC-9E62-FF9500D088A4}"
EndProject
Project("{2150E333-8FDC-42A3-9474-1A3956D46DE8}") = "12.FunctionalProgrammingExercise", "12.FunctionalProgrammingExercise", "{09AAEE68-14CD-49C7-82F5-9F2340617B5F}"
EndProject
Project("{FAE04EC0-301F-11D3-BF4B-00C04F79EFBC}") = "02.KnightsOfHonor", "12.FunctionalProgrammingExercise\02.KnightsOfHonor\02.KnightsOfHonor.csproj", "{95F99921-62E3-481D-AEC1-A6C51C29A37D}"
EndProject
Project("{FAE04EC0-301F-11D3-BF4B-00C04F79EFBC}") = "03.CustomMinFunction", "12.FunctionalProgrammingExercise\03.CustomMinFunction\03.CustomMinFunction.csproj", "{C8C1A063-FE1D-4E03-9F7F-87B2433D78C1}"
EndProject
Project("{FAE04EC0-301F-11D3-BF4B-00C04F79EFBC}") = "04.FindEvensOrOdds", "12.FunctionalProgrammingExercise\04.FindEvensOrOdds\04.FindEvensOrOdds.csproj", "{E4472F7E-53CD-45A3-91D6-AED5506CC1F3}"
EndProject
Project("{FAE04EC0-301F-11D3-BF4B-00C04F79EFBC}") = "05.AppliedArithmetics", "12.FunctionalProgrammingExercise\05.AppliedArithmetics\05.AppliedArithmetics.csproj", "{8E3A6CF0-0634-42D8-9354-D4DD7DF04DEF}"
EndProject
Project("{FAE04EC0-301F-11D3-BF4B-00C04F79EFBC}") = "06.ReverseAndExclude", "12.FunctionalProgrammingExercise\06.ReverseAndExclude\06.ReverseAndExclude.csproj", "{F3AF7F6B-AB01-4136-B1EF-0884E1E63C4A}"
EndProject
Project("{FAE04EC0-301F-11D3-BF4B-00C04F79EFBC}") = "07.PredicateForNames", "12.FunctionalProgrammingExercise\07.PredicateForNames\07.PredicateForNames.csproj", "{BACE6927-6318-4455-A2CE-182C3CE4445C}"
EndProject
Project("{FAE04EC0-301F-11D3-BF4B-00C04F79EFBC}") = "08.CustomComparator", "12.FunctionalProgrammingExercise\08.CustomComparator\08.CustomComparator.csproj", "{A8D7567E-A5E2-415F-97D9-AB4B052985A6}"
EndProject
Project("{FAE04EC0-301F-11D3-BF4B-00C04F79EFBC}") = "09.ListOfPredicates", "12.FunctionalProgrammingExercise\09.ListOfPredicates\09.ListOfPredicates.csproj", "{5564B3AE-9861-40FA-9A51-97DE950F05E7}"
EndProject
Project("{FAE04EC0-301F-11D3-BF4B-00C04F79EFBC}") = "10.PredicateParty", "12.FunctionalProgrammingExercise\10.PredicateParty\10.PredicateParty.csproj", "{CFDF6261-3753-4601-B3DC-D3DA9656091D}"
EndProject
Project("{FAE04EC0-301F-11D3-BF4B-00C04F79EFBC}") = "11.ReservationFilterModule", "12.FunctionalProgrammingExercise\11.ReservationFilterModule\11.ReservationFilterModule.csproj", "{49574787-6F69-4538-9695-616686E16CFF}"
EndProject
Project("{2150E333-8FDC-42A3-9474-1A3956D46DE8}") = "13.LINQ", "13.LINQ", "{E7D4C3B4-86A0-4C69-AC3D-C01984F90413}"
EndProject
Project("{FAE04EC0-301F-11D3-BF4B-00C04F79EFBC}") = "01.TakeTwo", "12.FunctionalProgrammingExercise\01.TakeTwo\01.TakeTwo.csproj", "{7B44FBDD-4FFC-4C4D-B53F-9E2D9B16DD1A}"
EndProject
Project("{FAE04EC0-301F-11D3-BF4B-00C04F79EFBC}") = "02.UpperStrings", "13.LINQ\02.UpperStrings\02.UpperStrings.csproj", "{3A99531C-E92A-44E6-8B98-11A51ACC797A}"
EndProject
Project("{FAE04EC0-301F-11D3-BF4B-00C04F79EFBC}") = "03.FirstName", "13.LINQ\03.FirstName\03.FirstName.csproj", "{434630C6-03DB-4078-B316-91CC1282F82E}"
EndProject
Project("{FAE04EC0-301F-11D3-BF4B-00C04F79EFBC}") = "04.AverageOfDoubles", "13.LINQ\04.AverageOfDoubles\04.AverageOfDoubles.csproj", "{4FDCFFF7-7A89-449B-80BE-76E6935BCCB3}"
EndProject
Project("{FAE04EC0-301F-11D3-BF4B-00C04F79EFBC}") = "05.MinEvenNumber", "13.LINQ\05.MinEvenNumber\05.MinEvenNumber.csproj", "{A9C4EB9F-9F42-4D00-809E-BFEBD0B16D61}"
EndProject
Project("{FAE04EC0-301F-11D3-BF4B-00C04F79EFBC}") = "06.FindAndSumIntegers", "13.LINQ\06.FindAndSumIntegers\06.FindAndSumIntegers.csproj", "{0F75EDA2-D4C8-471B-8E8E-D98E6E251397}"
EndProject
Project("{FAE04EC0-301F-11D3-BF4B-00C04F79EFBC}") = "07.BoundedNumbers", "13.LINQ\07.BoundedNumbers\07.BoundedNumbers.csproj", "{80422DFA-D571-4247-A076-4BCBB8E7877C}"
EndProject
Project("{FAE04EC0-301F-11D3-BF4B-00C04F79EFBC}") = "08.MapDistricts", "13.LINQ\08.MapDistricts\08.MapDistricts.csproj", "{10912F6A-FF28-4F5F-9926-43834152D736}"
EndProject
Project("{FAE04EC0-301F-11D3-BF4B-00C04F79EFBC}") = "13.TriFunction", "12.FunctionalProgrammingExercise\13.TriFunction\13.TriFunction.csproj", "{416D94F0-1D8B-4CA9-A160-9B4E81625149}"
EndProject
Project("{FAE04EC0-301F-11D3-BF4B-00C04F79EFBC}") = "Exam1", "Exam1\Exam1.csproj", "{6639CEA7-9504-4CBA-B26B-7504BCC0D30D}"
EndProject
Project("{FAE04EC0-301F-11D3-BF4B-00C04F79EFBC}") = "TechShop", "TechShop\TechShop.csproj", "{E0BB3B9F-F3C6-44E5-A03A-4FF9FD64EEA3}"
EndProject
Project("{FAE04EC0-301F-11D3-BF4B-00C04F79EFBC}") = "SelectivеAmnesia", "SelectivеAmnesia\SelectivеAmnesia.csproj", "{B30727C8-A961-463D-9AF1-C973C0263D68}"
EndProject
Project("{FAE04EC0-301F-11D3-BF4B-00C04F79EFBC}") = "Rage Quit", "Rage Quit\Rage Quit.csproj", "{80698168-EBEE-4480-A02F-022D2346ED6D}"
EndProject
Project("{2150E333-8FDC-42A3-9474-1A3956D46DE8}") = "Exam - 25 June 2017", "Exam - 25 June 2017", "{35F958F1-DD08-4A1B-95B4-B657D744EF27}"
EndProject
Project("{FAE04EC0-301F-11D3-BF4B-00C04F79EFBC}") = "01.Regeh", "Exam - 25 June 2017\01.Regeh\01.Regeh.csproj", "{9A468036-E65E-45E0-A87E-B0C6686B8246}"
EndProject
Project("{FAE04EC0-301F-11D3-BF4B-00C04F79EFBC}") = "02.KnightGame", "Exam - 25 June 2017\02.KnightGame\02.KnightGame.csproj", "{7C5C4A77-C6C9-43B8-AA3D-A4904DCCB430}"
EndProject
Project("{FAE04EC0-301F-11D3-BF4B-00C04F79EFBC}") = "03.NumberWars", "Exam - 25 June 2017\03.NumberWars\03.NumberWars.csproj", "{99E27E58-1512-450D-8865-9B66C345AA47}"
EndProject
Project("{FAE04EC0-301F-11D3-BF4B-00C04F79EFBC}") = "04.Hospital", "Exam - 25 June 2017\04.Hospital\04.Hospital.csproj", "{CEB06E4E-253A-4383-A6D4-58D30204DFD0}"
EndProject
Project("{2150E333-8FDC-42A3-9474-1A3956D46DE8}") = "Exam - 13 March 2016", "Exam - 13 March 2016", "{B48BB760-8060-4814-912B-C8AD08EE30F9}"
EndProject
Project("{FAE04EC0-301F-11D3-BF4B-00C04F79EFBC}") = "01.ArrangeNumbers", "Exam - 13 March 2016\01.ArrangeNumbers\01.ArrangeNumbers.csproj", "{932EC3A8-7BC9-4A32-B1D3-66B143650B0F}"
EndProject
Project("{FAE04EC0-301F-11D3-BF4B-00C04F79EFBC}") = "06TruckTour", "02.StacksAndQueuesExcercise\06TruckTour\06TruckTour.csproj", "{FB9776EC-FBA9-4AB0-AE23-C51F8FAE4F94}"
EndProject
Project("{2150E333-8FDC-42A3-9474-1A3956D46DE8}") = "AdvancedCSharpDebuggingLab", "AdvancedCSharpDebuggingLab", "{5B4F05FF-8750-414F-9453-9039893978B3}"
EndProject
Project("{FAE04EC0-301F-11D3-BF4B-00C04F79EFBC}") = "01.InstructionSet", "AdvancedCSharpDebuggingLab\01.InstructionSet\01.InstructionSet.csproj", "{AA92A061-A2F2-4F60-BBD5-F2EEC67DC778}"
EndProject
Project("{FAE04EC0-301F-11D3-BF4B-00C04F79EFBC}") = "02.BePositive", "AdvancedCSharpDebuggingLab\02.BePositive\02.BePositive.csproj", "{082D6D39-439D-4E04-A748-0826EFE3B206}"
EndProject
Project("{FAE04EC0-301F-11D3-BF4B-00C04F79EFBC}") = "14.DragonArmy", "04.SetsAndDictionariesExercise\14.DragonArmy\14.DragonArmy.csproj", "{8A00B6ED-6D2D-4365-B1C9-9A47B11A870B}"
EndProject
Global
	GlobalSection(SolutionConfigurationPlatforms) = preSolution
		Debug|Any CPU = Debug|Any CPU
		Release|Any CPU = Release|Any CPU
	EndGlobalSection
	GlobalSection(ProjectConfigurationPlatforms) = postSolution
		{24EAF5E3-5B77-4055-87D7-B286394FA555}.Debug|Any CPU.ActiveCfg = Debug|Any CPU
		{24EAF5E3-5B77-4055-87D7-B286394FA555}.Debug|Any CPU.Build.0 = Debug|Any CPU
		{24EAF5E3-5B77-4055-87D7-B286394FA555}.Release|Any CPU.ActiveCfg = Release|Any CPU
		{24EAF5E3-5B77-4055-87D7-B286394FA555}.Release|Any CPU.Build.0 = Release|Any CPU
		{135C1C7B-B443-4537-98DB-1E5AF56EFADE}.Debug|Any CPU.ActiveCfg = Debug|Any CPU
		{135C1C7B-B443-4537-98DB-1E5AF56EFADE}.Debug|Any CPU.Build.0 = Debug|Any CPU
		{135C1C7B-B443-4537-98DB-1E5AF56EFADE}.Release|Any CPU.ActiveCfg = Release|Any CPU
		{135C1C7B-B443-4537-98DB-1E5AF56EFADE}.Release|Any CPU.Build.0 = Release|Any CPU
		{7A54E2EA-8CA8-4330-8596-B2AABBF57730}.Debug|Any CPU.ActiveCfg = Debug|Any CPU
		{7A54E2EA-8CA8-4330-8596-B2AABBF57730}.Debug|Any CPU.Build.0 = Debug|Any CPU
		{7A54E2EA-8CA8-4330-8596-B2AABBF57730}.Release|Any CPU.ActiveCfg = Release|Any CPU
		{7A54E2EA-8CA8-4330-8596-B2AABBF57730}.Release|Any CPU.Build.0 = Release|Any CPU
		{AA0048B7-4BD2-478F-9CEC-8CD5D5362218}.Debug|Any CPU.ActiveCfg = Debug|Any CPU
		{AA0048B7-4BD2-478F-9CEC-8CD5D5362218}.Debug|Any CPU.Build.0 = Debug|Any CPU
		{AA0048B7-4BD2-478F-9CEC-8CD5D5362218}.Release|Any CPU.ActiveCfg = Release|Any CPU
		{AA0048B7-4BD2-478F-9CEC-8CD5D5362218}.Release|Any CPU.Build.0 = Release|Any CPU
		{51E3E164-1B42-4E9F-BDD4-FD4D93569D01}.Debug|Any CPU.ActiveCfg = Debug|Any CPU
		{51E3E164-1B42-4E9F-BDD4-FD4D93569D01}.Debug|Any CPU.Build.0 = Debug|Any CPU
		{51E3E164-1B42-4E9F-BDD4-FD4D93569D01}.Release|Any CPU.ActiveCfg = Release|Any CPU
		{51E3E164-1B42-4E9F-BDD4-FD4D93569D01}.Release|Any CPU.Build.0 = Release|Any CPU
		{E633D81A-2247-4B74-9CCA-D611F96CA8C8}.Debug|Any CPU.ActiveCfg = Debug|Any CPU
		{E633D81A-2247-4B74-9CCA-D611F96CA8C8}.Debug|Any CPU.Build.0 = Debug|Any CPU
		{E633D81A-2247-4B74-9CCA-D611F96CA8C8}.Release|Any CPU.ActiveCfg = Release|Any CPU
		{E633D81A-2247-4B74-9CCA-D611F96CA8C8}.Release|Any CPU.Build.0 = Release|Any CPU
		{A7D9FBDB-86F2-4B9E-8376-96059A280110}.Debug|Any CPU.ActiveCfg = Debug|Any CPU
		{A7D9FBDB-86F2-4B9E-8376-96059A280110}.Debug|Any CPU.Build.0 = Debug|Any CPU
		{A7D9FBDB-86F2-4B9E-8376-96059A280110}.Release|Any CPU.ActiveCfg = Release|Any CPU
		{A7D9FBDB-86F2-4B9E-8376-96059A280110}.Release|Any CPU.Build.0 = Release|Any CPU
		{01124DF3-0DA3-48C8-9606-01FC724982AD}.Debug|Any CPU.ActiveCfg = Debug|Any CPU
		{01124DF3-0DA3-48C8-9606-01FC724982AD}.Debug|Any CPU.Build.0 = Debug|Any CPU
		{01124DF3-0DA3-48C8-9606-01FC724982AD}.Release|Any CPU.ActiveCfg = Release|Any CPU
		{01124DF3-0DA3-48C8-9606-01FC724982AD}.Release|Any CPU.Build.0 = Release|Any CPU
		{6E18DC89-D6F6-4133-8AD0-15E07CBB6DD1}.Debug|Any CPU.ActiveCfg = Debug|Any CPU
		{6E18DC89-D6F6-4133-8AD0-15E07CBB6DD1}.Debug|Any CPU.Build.0 = Debug|Any CPU
		{6E18DC89-D6F6-4133-8AD0-15E07CBB6DD1}.Release|Any CPU.ActiveCfg = Release|Any CPU
		{6E18DC89-D6F6-4133-8AD0-15E07CBB6DD1}.Release|Any CPU.Build.0 = Release|Any CPU
		{C76D3295-0A52-4512-8C7D-85EFA5DA5D1A}.Debug|Any CPU.ActiveCfg = Debug|Any CPU
		{C76D3295-0A52-4512-8C7D-85EFA5DA5D1A}.Debug|Any CPU.Build.0 = Debug|Any CPU
		{C76D3295-0A52-4512-8C7D-85EFA5DA5D1A}.Release|Any CPU.ActiveCfg = Release|Any CPU
		{C76D3295-0A52-4512-8C7D-85EFA5DA5D1A}.Release|Any CPU.Build.0 = Release|Any CPU
		{F2C1471E-F28E-4602-BCDF-E3DC4DD69535}.Debug|Any CPU.ActiveCfg = Debug|Any CPU
		{F2C1471E-F28E-4602-BCDF-E3DC4DD69535}.Debug|Any CPU.Build.0 = Debug|Any CPU
		{F2C1471E-F28E-4602-BCDF-E3DC4DD69535}.Release|Any CPU.ActiveCfg = Release|Any CPU
		{F2C1471E-F28E-4602-BCDF-E3DC4DD69535}.Release|Any CPU.Build.0 = Release|Any CPU
		{636D68A8-E24B-4304-B0A8-2F35A094FA23}.Debug|Any CPU.ActiveCfg = Debug|Any CPU
		{636D68A8-E24B-4304-B0A8-2F35A094FA23}.Debug|Any CPU.Build.0 = Debug|Any CPU
		{636D68A8-E24B-4304-B0A8-2F35A094FA23}.Release|Any CPU.ActiveCfg = Release|Any CPU
		{636D68A8-E24B-4304-B0A8-2F35A094FA23}.Release|Any CPU.Build.0 = Release|Any CPU
		{D176DCCD-034A-4A15-AB2A-4CBCC3376137}.Debug|Any CPU.ActiveCfg = Debug|Any CPU
		{D176DCCD-034A-4A15-AB2A-4CBCC3376137}.Debug|Any CPU.Build.0 = Debug|Any CPU
		{D176DCCD-034A-4A15-AB2A-4CBCC3376137}.Release|Any CPU.ActiveCfg = Release|Any CPU
		{D176DCCD-034A-4A15-AB2A-4CBCC3376137}.Release|Any CPU.Build.0 = Release|Any CPU
		{9B32CA0E-382A-4F25-BA4A-0B314427E1C9}.Debug|Any CPU.ActiveCfg = Debug|Any CPU
		{9B32CA0E-382A-4F25-BA4A-0B314427E1C9}.Debug|Any CPU.Build.0 = Debug|Any CPU
		{9B32CA0E-382A-4F25-BA4A-0B314427E1C9}.Release|Any CPU.ActiveCfg = Release|Any CPU
		{9B32CA0E-382A-4F25-BA4A-0B314427E1C9}.Release|Any CPU.Build.0 = Release|Any CPU
		{6EF76D1A-999A-403F-B35D-CA4D87987BD9}.Debug|Any CPU.ActiveCfg = Debug|Any CPU
		{6EF76D1A-999A-403F-B35D-CA4D87987BD9}.Debug|Any CPU.Build.0 = Debug|Any CPU
		{6EF76D1A-999A-403F-B35D-CA4D87987BD9}.Release|Any CPU.ActiveCfg = Release|Any CPU
		{6EF76D1A-999A-403F-B35D-CA4D87987BD9}.Release|Any CPU.Build.0 = Release|Any CPU
		{56B9E260-5BCF-48DF-BEC5-35A95B16F988}.Debug|Any CPU.ActiveCfg = Debug|Any CPU
		{56B9E260-5BCF-48DF-BEC5-35A95B16F988}.Debug|Any CPU.Build.0 = Debug|Any CPU
		{56B9E260-5BCF-48DF-BEC5-35A95B16F988}.Release|Any CPU.ActiveCfg = Release|Any CPU
		{56B9E260-5BCF-48DF-BEC5-35A95B16F988}.Release|Any CPU.Build.0 = Release|Any CPU
		{B744A560-A524-4A00-92CC-EE26E76B8671}.Debug|Any CPU.ActiveCfg = Debug|Any CPU
		{B744A560-A524-4A00-92CC-EE26E76B8671}.Debug|Any CPU.Build.0 = Debug|Any CPU
		{B744A560-A524-4A00-92CC-EE26E76B8671}.Release|Any CPU.ActiveCfg = Release|Any CPU
		{B744A560-A524-4A00-92CC-EE26E76B8671}.Release|Any CPU.Build.0 = Release|Any CPU
		{6214E2F9-F0D5-4807-AE44-0BC1CF37B814}.Debug|Any CPU.ActiveCfg = Debug|Any CPU
		{6214E2F9-F0D5-4807-AE44-0BC1CF37B814}.Debug|Any CPU.Build.0 = Debug|Any CPU
		{6214E2F9-F0D5-4807-AE44-0BC1CF37B814}.Release|Any CPU.ActiveCfg = Release|Any CPU
		{6214E2F9-F0D5-4807-AE44-0BC1CF37B814}.Release|Any CPU.Build.0 = Release|Any CPU
		{DF5D27C0-5A94-45AB-B8C1-EBC6387C55BA}.Debug|Any CPU.ActiveCfg = Debug|Any CPU
		{DF5D27C0-5A94-45AB-B8C1-EBC6387C55BA}.Debug|Any CPU.Build.0 = Debug|Any CPU
		{DF5D27C0-5A94-45AB-B8C1-EBC6387C55BA}.Release|Any CPU.ActiveCfg = Release|Any CPU
		{DF5D27C0-5A94-45AB-B8C1-EBC6387C55BA}.Release|Any CPU.Build.0 = Release|Any CPU
		{FD70D448-BA1E-46F6-A7C5-818D4AAC9A64}.Debug|Any CPU.ActiveCfg = Debug|Any CPU
		{FD70D448-BA1E-46F6-A7C5-818D4AAC9A64}.Debug|Any CPU.Build.0 = Debug|Any CPU
		{FD70D448-BA1E-46F6-A7C5-818D4AAC9A64}.Release|Any CPU.ActiveCfg = Release|Any CPU
		{FD70D448-BA1E-46F6-A7C5-818D4AAC9A64}.Release|Any CPU.Build.0 = Release|Any CPU
		{932DD7BA-1622-419C-8F80-A478CC0591AD}.Debug|Any CPU.ActiveCfg = Debug|Any CPU
		{932DD7BA-1622-419C-8F80-A478CC0591AD}.Debug|Any CPU.Build.0 = Debug|Any CPU
		{932DD7BA-1622-419C-8F80-A478CC0591AD}.Release|Any CPU.ActiveCfg = Release|Any CPU
		{932DD7BA-1622-419C-8F80-A478CC0591AD}.Release|Any CPU.Build.0 = Release|Any CPU
		{78D1BB2B-D020-402F-AC66-F4E191D9C978}.Debug|Any CPU.ActiveCfg = Debug|Any CPU
		{78D1BB2B-D020-402F-AC66-F4E191D9C978}.Debug|Any CPU.Build.0 = Debug|Any CPU
		{78D1BB2B-D020-402F-AC66-F4E191D9C978}.Release|Any CPU.ActiveCfg = Release|Any CPU
		{78D1BB2B-D020-402F-AC66-F4E191D9C978}.Release|Any CPU.Build.0 = Release|Any CPU
		{1D295FB3-1239-4E16-8AA6-94133BFD9927}.Debug|Any CPU.ActiveCfg = Debug|Any CPU
		{1D295FB3-1239-4E16-8AA6-94133BFD9927}.Debug|Any CPU.Build.0 = Debug|Any CPU
		{1D295FB3-1239-4E16-8AA6-94133BFD9927}.Release|Any CPU.ActiveCfg = Release|Any CPU
		{1D295FB3-1239-4E16-8AA6-94133BFD9927}.Release|Any CPU.Build.0 = Release|Any CPU
		{C994DD25-DA58-4185-A09B-C0C17E1F915A}.Debug|Any CPU.ActiveCfg = Debug|Any CPU
		{C994DD25-DA58-4185-A09B-C0C17E1F915A}.Debug|Any CPU.Build.0 = Debug|Any CPU
		{C994DD25-DA58-4185-A09B-C0C17E1F915A}.Release|Any CPU.ActiveCfg = Release|Any CPU
		{C994DD25-DA58-4185-A09B-C0C17E1F915A}.Release|Any CPU.Build.0 = Release|Any CPU
		{70053226-0A6B-4F50-8F7D-431BA975956E}.Debug|Any CPU.ActiveCfg = Debug|Any CPU
		{70053226-0A6B-4F50-8F7D-431BA975956E}.Debug|Any CPU.Build.0 = Debug|Any CPU
		{70053226-0A6B-4F50-8F7D-431BA975956E}.Release|Any CPU.ActiveCfg = Release|Any CPU
		{70053226-0A6B-4F50-8F7D-431BA975956E}.Release|Any CPU.Build.0 = Release|Any CPU
		{F08FA231-6493-49F1-9E31-26A55F23EF07}.Debug|Any CPU.ActiveCfg = Debug|Any CPU
		{F08FA231-6493-49F1-9E31-26A55F23EF07}.Debug|Any CPU.Build.0 = Debug|Any CPU
		{F08FA231-6493-49F1-9E31-26A55F23EF07}.Release|Any CPU.ActiveCfg = Release|Any CPU
		{F08FA231-6493-49F1-9E31-26A55F23EF07}.Release|Any CPU.Build.0 = Release|Any CPU
		{DBAFEAA9-7CD2-40F2-A4A9-CD28D4D1E50F}.Debug|Any CPU.ActiveCfg = Debug|Any CPU
		{DBAFEAA9-7CD2-40F2-A4A9-CD28D4D1E50F}.Debug|Any CPU.Build.0 = Debug|Any CPU
		{DBAFEAA9-7CD2-40F2-A4A9-CD28D4D1E50F}.Release|Any CPU.ActiveCfg = Release|Any CPU
		{DBAFEAA9-7CD2-40F2-A4A9-CD28D4D1E50F}.Release|Any CPU.Build.0 = Release|Any CPU
		{006FFD8C-C69E-4514-87E3-7637EEA96556}.Debug|Any CPU.ActiveCfg = Debug|Any CPU
		{006FFD8C-C69E-4514-87E3-7637EEA96556}.Debug|Any CPU.Build.0 = Debug|Any CPU
		{006FFD8C-C69E-4514-87E3-7637EEA96556}.Release|Any CPU.ActiveCfg = Release|Any CPU
		{006FFD8C-C69E-4514-87E3-7637EEA96556}.Release|Any CPU.Build.0 = Release|Any CPU
		{DAB72A77-D13F-47B1-9FDD-128D0BD1B199}.Debug|Any CPU.ActiveCfg = Debug|Any CPU
		{DAB72A77-D13F-47B1-9FDD-128D0BD1B199}.Debug|Any CPU.Build.0 = Debug|Any CPU
		{DAB72A77-D13F-47B1-9FDD-128D0BD1B199}.Release|Any CPU.ActiveCfg = Release|Any CPU
		{DAB72A77-D13F-47B1-9FDD-128D0BD1B199}.Release|Any CPU.Build.0 = Release|Any CPU
		{70212D9C-899F-43C5-A87F-1BBEC531B619}.Debug|Any CPU.ActiveCfg = Debug|Any CPU
		{70212D9C-899F-43C5-A87F-1BBEC531B619}.Debug|Any CPU.Build.0 = Debug|Any CPU
		{70212D9C-899F-43C5-A87F-1BBEC531B619}.Release|Any CPU.ActiveCfg = Release|Any CPU
		{70212D9C-899F-43C5-A87F-1BBEC531B619}.Release|Any CPU.Build.0 = Release|Any CPU
		{35ACD4F9-320F-4846-93BC-BE72B86655FC}.Debug|Any CPU.ActiveCfg = Debug|Any CPU
		{35ACD4F9-320F-4846-93BC-BE72B86655FC}.Debug|Any CPU.Build.0 = Debug|Any CPU
		{35ACD4F9-320F-4846-93BC-BE72B86655FC}.Release|Any CPU.ActiveCfg = Release|Any CPU
		{35ACD4F9-320F-4846-93BC-BE72B86655FC}.Release|Any CPU.Build.0 = Release|Any CPU
		{D3914954-0C49-413B-AD09-F5115145C127}.Debug|Any CPU.ActiveCfg = Debug|Any CPU
		{D3914954-0C49-413B-AD09-F5115145C127}.Debug|Any CPU.Build.0 = Debug|Any CPU
		{D3914954-0C49-413B-AD09-F5115145C127}.Release|Any CPU.ActiveCfg = Release|Any CPU
		{D3914954-0C49-413B-AD09-F5115145C127}.Release|Any CPU.Build.0 = Release|Any CPU
		{35D14E84-95DF-4133-9FCF-B967BD9B3AA4}.Debug|Any CPU.ActiveCfg = Debug|Any CPU
		{35D14E84-95DF-4133-9FCF-B967BD9B3AA4}.Debug|Any CPU.Build.0 = Debug|Any CPU
		{35D14E84-95DF-4133-9FCF-B967BD9B3AA4}.Release|Any CPU.ActiveCfg = Release|Any CPU
		{35D14E84-95DF-4133-9FCF-B967BD9B3AA4}.Release|Any CPU.Build.0 = Release|Any CPU
		{FCBD8B42-4382-4FF5-8602-F5ADC2990696}.Debug|Any CPU.ActiveCfg = Debug|Any CPU
		{FCBD8B42-4382-4FF5-8602-F5ADC2990696}.Debug|Any CPU.Build.0 = Debug|Any CPU
		{FCBD8B42-4382-4FF5-8602-F5ADC2990696}.Release|Any CPU.ActiveCfg = Release|Any CPU
		{FCBD8B42-4382-4FF5-8602-F5ADC2990696}.Release|Any CPU.Build.0 = Release|Any CPU
		{33247429-9B1D-4322-88DF-BE9767308C2A}.Debug|Any CPU.ActiveCfg = Debug|Any CPU
		{33247429-9B1D-4322-88DF-BE9767308C2A}.Debug|Any CPU.Build.0 = Debug|Any CPU
		{33247429-9B1D-4322-88DF-BE9767308C2A}.Release|Any CPU.ActiveCfg = Release|Any CPU
		{33247429-9B1D-4322-88DF-BE9767308C2A}.Release|Any CPU.Build.0 = Release|Any CPU
		{D68AA88D-DB66-4C60-BE0F-3C9347F87044}.Debug|Any CPU.ActiveCfg = Debug|Any CPU
		{D68AA88D-DB66-4C60-BE0F-3C9347F87044}.Debug|Any CPU.Build.0 = Debug|Any CPU
		{D68AA88D-DB66-4C60-BE0F-3C9347F87044}.Release|Any CPU.ActiveCfg = Release|Any CPU
		{D68AA88D-DB66-4C60-BE0F-3C9347F87044}.Release|Any CPU.Build.0 = Release|Any CPU
		{6579EA12-7FEA-482B-87EB-3E1854972E5D}.Debug|Any CPU.ActiveCfg = Debug|Any CPU
		{6579EA12-7FEA-482B-87EB-3E1854972E5D}.Debug|Any CPU.Build.0 = Debug|Any CPU
		{6579EA12-7FEA-482B-87EB-3E1854972E5D}.Release|Any CPU.ActiveCfg = Release|Any CPU
		{6579EA12-7FEA-482B-87EB-3E1854972E5D}.Release|Any CPU.Build.0 = Release|Any CPU
		{D0E7FBFB-1C0D-4653-9467-884BB9471860}.Debug|Any CPU.ActiveCfg = Debug|Any CPU
		{D0E7FBFB-1C0D-4653-9467-884BB9471860}.Debug|Any CPU.Build.0 = Debug|Any CPU
		{D0E7FBFB-1C0D-4653-9467-884BB9471860}.Release|Any CPU.ActiveCfg = Release|Any CPU
		{D0E7FBFB-1C0D-4653-9467-884BB9471860}.Release|Any CPU.Build.0 = Release|Any CPU
		{31B4D449-1F5A-4058-A49C-CF7C7BD51678}.Debug|Any CPU.ActiveCfg = Debug|Any CPU
		{31B4D449-1F5A-4058-A49C-CF7C7BD51678}.Debug|Any CPU.Build.0 = Debug|Any CPU
		{31B4D449-1F5A-4058-A49C-CF7C7BD51678}.Release|Any CPU.ActiveCfg = Release|Any CPU
		{31B4D449-1F5A-4058-A49C-CF7C7BD51678}.Release|Any CPU.Build.0 = Release|Any CPU
		{8201C2BB-1FFF-4E27-AB75-AB44E8379668}.Debug|Any CPU.ActiveCfg = Debug|Any CPU
		{8201C2BB-1FFF-4E27-AB75-AB44E8379668}.Debug|Any CPU.Build.0 = Debug|Any CPU
		{8201C2BB-1FFF-4E27-AB75-AB44E8379668}.Release|Any CPU.ActiveCfg = Release|Any CPU
		{8201C2BB-1FFF-4E27-AB75-AB44E8379668}.Release|Any CPU.Build.0 = Release|Any CPU
		{40A16058-EF8B-48E1-A131-73256E6F34A3}.Debug|Any CPU.ActiveCfg = Debug|Any CPU
		{40A16058-EF8B-48E1-A131-73256E6F34A3}.Debug|Any CPU.Build.0 = Debug|Any CPU
		{40A16058-EF8B-48E1-A131-73256E6F34A3}.Release|Any CPU.ActiveCfg = Release|Any CPU
		{40A16058-EF8B-48E1-A131-73256E6F34A3}.Release|Any CPU.Build.0 = Release|Any CPU
		{D8E8C3BB-4768-4F48-A4D5-F6E96779736E}.Debug|Any CPU.ActiveCfg = Debug|Any CPU
		{D8E8C3BB-4768-4F48-A4D5-F6E96779736E}.Debug|Any CPU.Build.0 = Debug|Any CPU
		{D8E8C3BB-4768-4F48-A4D5-F6E96779736E}.Release|Any CPU.ActiveCfg = Release|Any CPU
		{D8E8C3BB-4768-4F48-A4D5-F6E96779736E}.Release|Any CPU.Build.0 = Release|Any CPU
		{387140C4-F8B7-4879-994F-40A526F17240}.Debug|Any CPU.ActiveCfg = Debug|Any CPU
		{387140C4-F8B7-4879-994F-40A526F17240}.Debug|Any CPU.Build.0 = Debug|Any CPU
		{387140C4-F8B7-4879-994F-40A526F17240}.Release|Any CPU.ActiveCfg = Release|Any CPU
		{387140C4-F8B7-4879-994F-40A526F17240}.Release|Any CPU.Build.0 = Release|Any CPU
		{8FFCFC64-4A9F-4307-828A-405B9DEF87A9}.Debug|Any CPU.ActiveCfg = Debug|Any CPU
		{8FFCFC64-4A9F-4307-828A-405B9DEF87A9}.Debug|Any CPU.Build.0 = Debug|Any CPU
		{8FFCFC64-4A9F-4307-828A-405B9DEF87A9}.Release|Any CPU.ActiveCfg = Release|Any CPU
		{8FFCFC64-4A9F-4307-828A-405B9DEF87A9}.Release|Any CPU.Build.0 = Release|Any CPU
		{9ECB38C9-B25D-4217-A3A2-7739B923930A}.Debug|Any CPU.ActiveCfg = Debug|Any CPU
		{9ECB38C9-B25D-4217-A3A2-7739B923930A}.Debug|Any CPU.Build.0 = Debug|Any CPU
		{9ECB38C9-B25D-4217-A3A2-7739B923930A}.Release|Any CPU.ActiveCfg = Release|Any CPU
		{9ECB38C9-B25D-4217-A3A2-7739B923930A}.Release|Any CPU.Build.0 = Release|Any CPU
		{0DA1A585-2953-4F1E-98A2-8A9991E5069D}.Debug|Any CPU.ActiveCfg = Debug|Any CPU
		{0DA1A585-2953-4F1E-98A2-8A9991E5069D}.Debug|Any CPU.Build.0 = Debug|Any CPU
		{0DA1A585-2953-4F1E-98A2-8A9991E5069D}.Release|Any CPU.ActiveCfg = Release|Any CPU
		{0DA1A585-2953-4F1E-98A2-8A9991E5069D}.Release|Any CPU.Build.0 = Release|Any CPU
		{3B891CCD-011C-4F45-9A98-4FF244548AD6}.Debug|Any CPU.ActiveCfg = Debug|Any CPU
		{3B891CCD-011C-4F45-9A98-4FF244548AD6}.Debug|Any CPU.Build.0 = Debug|Any CPU
		{3B891CCD-011C-4F45-9A98-4FF244548AD6}.Release|Any CPU.ActiveCfg = Release|Any CPU
		{3B891CCD-011C-4F45-9A98-4FF244548AD6}.Release|Any CPU.Build.0 = Release|Any CPU
		{DEA337C0-0766-424D-AA76-4A4C91DE7439}.Debug|Any CPU.ActiveCfg = Debug|Any CPU
		{DEA337C0-0766-424D-AA76-4A4C91DE7439}.Debug|Any CPU.Build.0 = Debug|Any CPU
		{DEA337C0-0766-424D-AA76-4A4C91DE7439}.Release|Any CPU.ActiveCfg = Release|Any CPU
		{DEA337C0-0766-424D-AA76-4A4C91DE7439}.Release|Any CPU.Build.0 = Release|Any CPU
		{E27C25D1-9A4A-4282-A77D-0CE680AEDF6E}.Debug|Any CPU.ActiveCfg = Debug|Any CPU
		{E27C25D1-9A4A-4282-A77D-0CE680AEDF6E}.Debug|Any CPU.Build.0 = Debug|Any CPU
		{E27C25D1-9A4A-4282-A77D-0CE680AEDF6E}.Release|Any CPU.ActiveCfg = Release|Any CPU
		{E27C25D1-9A4A-4282-A77D-0CE680AEDF6E}.Release|Any CPU.Build.0 = Release|Any CPU
		{ABB554D3-2891-40A7-BD76-8E6637D743B7}.Debug|Any CPU.ActiveCfg = Debug|Any CPU
		{ABB554D3-2891-40A7-BD76-8E6637D743B7}.Debug|Any CPU.Build.0 = Debug|Any CPU
		{ABB554D3-2891-40A7-BD76-8E6637D743B7}.Release|Any CPU.ActiveCfg = Release|Any CPU
		{ABB554D3-2891-40A7-BD76-8E6637D743B7}.Release|Any CPU.Build.0 = Release|Any CPU
		{5D757E87-95FC-4FA3-9080-88107A95F08E}.Debug|Any CPU.ActiveCfg = Debug|Any CPU
		{5D757E87-95FC-4FA3-9080-88107A95F08E}.Debug|Any CPU.Build.0 = Debug|Any CPU
		{5D757E87-95FC-4FA3-9080-88107A95F08E}.Release|Any CPU.ActiveCfg = Release|Any CPU
		{5D757E87-95FC-4FA3-9080-88107A95F08E}.Release|Any CPU.Build.0 = Release|Any CPU
		{8BE94700-5D37-44AC-9811-D881E92965BB}.Debug|Any CPU.ActiveCfg = Debug|Any CPU
		{8BE94700-5D37-44AC-9811-D881E92965BB}.Debug|Any CPU.Build.0 = Debug|Any CPU
		{8BE94700-5D37-44AC-9811-D881E92965BB}.Release|Any CPU.ActiveCfg = Release|Any CPU
		{8BE94700-5D37-44AC-9811-D881E92965BB}.Release|Any CPU.Build.0 = Release|Any CPU
		{B206ABBF-E406-4D19-BFC8-5EBE0EE822B4}.Debug|Any CPU.ActiveCfg = Debug|Any CPU
		{B206ABBF-E406-4D19-BFC8-5EBE0EE822B4}.Debug|Any CPU.Build.0 = Debug|Any CPU
		{B206ABBF-E406-4D19-BFC8-5EBE0EE822B4}.Release|Any CPU.ActiveCfg = Release|Any CPU
		{B206ABBF-E406-4D19-BFC8-5EBE0EE822B4}.Release|Any CPU.Build.0 = Release|Any CPU
		{EE66D081-72C2-4302-B37E-5E2FB240A4E4}.Debug|Any CPU.ActiveCfg = Debug|Any CPU
		{EE66D081-72C2-4302-B37E-5E2FB240A4E4}.Debug|Any CPU.Build.0 = Debug|Any CPU
		{EE66D081-72C2-4302-B37E-5E2FB240A4E4}.Release|Any CPU.ActiveCfg = Release|Any CPU
		{EE66D081-72C2-4302-B37E-5E2FB240A4E4}.Release|Any CPU.Build.0 = Release|Any CPU
		{4C111DC0-7EE3-40DB-AB1D-A32806BBFA17}.Debug|Any CPU.ActiveCfg = Debug|Any CPU
		{4C111DC0-7EE3-40DB-AB1D-A32806BBFA17}.Debug|Any CPU.Build.0 = Debug|Any CPU
		{4C111DC0-7EE3-40DB-AB1D-A32806BBFA17}.Release|Any CPU.ActiveCfg = Release|Any CPU
		{4C111DC0-7EE3-40DB-AB1D-A32806BBFA17}.Release|Any CPU.Build.0 = Release|Any CPU
		{8F7D4B0A-C2FC-4AF8-B548-09C726B68453}.Debug|Any CPU.ActiveCfg = Debug|Any CPU
		{8F7D4B0A-C2FC-4AF8-B548-09C726B68453}.Debug|Any CPU.Build.0 = Debug|Any CPU
		{8F7D4B0A-C2FC-4AF8-B548-09C726B68453}.Release|Any CPU.ActiveCfg = Release|Any CPU
		{8F7D4B0A-C2FC-4AF8-B548-09C726B68453}.Release|Any CPU.Build.0 = Release|Any CPU
		{3131822E-E73B-49D2-9C94-02E107D4FC88}.Debug|Any CPU.ActiveCfg = Debug|Any CPU
		{3131822E-E73B-49D2-9C94-02E107D4FC88}.Debug|Any CPU.Build.0 = Debug|Any CPU
		{3131822E-E73B-49D2-9C94-02E107D4FC88}.Release|Any CPU.ActiveCfg = Release|Any CPU
		{3131822E-E73B-49D2-9C94-02E107D4FC88}.Release|Any CPU.Build.0 = Release|Any CPU
		{47BF989C-6C82-4353-B2D1-F302F1BEA626}.Debug|Any CPU.ActiveCfg = Debug|Any CPU
		{47BF989C-6C82-4353-B2D1-F302F1BEA626}.Debug|Any CPU.Build.0 = Debug|Any CPU
		{47BF989C-6C82-4353-B2D1-F302F1BEA626}.Release|Any CPU.ActiveCfg = Release|Any CPU
		{47BF989C-6C82-4353-B2D1-F302F1BEA626}.Release|Any CPU.Build.0 = Release|Any CPU
		{BEF491A1-7787-4CC1-B7FA-7724359606C2}.Debug|Any CPU.ActiveCfg = Debug|Any CPU
		{BEF491A1-7787-4CC1-B7FA-7724359606C2}.Debug|Any CPU.Build.0 = Debug|Any CPU
		{BEF491A1-7787-4CC1-B7FA-7724359606C2}.Release|Any CPU.ActiveCfg = Release|Any CPU
		{BEF491A1-7787-4CC1-B7FA-7724359606C2}.Release|Any CPU.Build.0 = Release|Any CPU
		{C48AAAC5-A23D-401E-97CE-32E5518750FB}.Debug|Any CPU.ActiveCfg = Debug|Any CPU
		{C48AAAC5-A23D-401E-97CE-32E5518750FB}.Debug|Any CPU.Build.0 = Debug|Any CPU
		{C48AAAC5-A23D-401E-97CE-32E5518750FB}.Release|Any CPU.ActiveCfg = Release|Any CPU
		{C48AAAC5-A23D-401E-97CE-32E5518750FB}.Release|Any CPU.Build.0 = Release|Any CPU
		{9EC67223-677A-41F4-9571-7429E6B64486}.Debug|Any CPU.ActiveCfg = Debug|Any CPU
		{9EC67223-677A-41F4-9571-7429E6B64486}.Debug|Any CPU.Build.0 = Debug|Any CPU
		{9EC67223-677A-41F4-9571-7429E6B64486}.Release|Any CPU.ActiveCfg = Release|Any CPU
		{9EC67223-677A-41F4-9571-7429E6B64486}.Release|Any CPU.Build.0 = Release|Any CPU
		{9182D412-F4DC-4B73-BE9F-09AE6DE9B658}.Debug|Any CPU.ActiveCfg = Debug|Any CPU
		{9182D412-F4DC-4B73-BE9F-09AE6DE9B658}.Debug|Any CPU.Build.0 = Debug|Any CPU
		{9182D412-F4DC-4B73-BE9F-09AE6DE9B658}.Release|Any CPU.ActiveCfg = Release|Any CPU
		{9182D412-F4DC-4B73-BE9F-09AE6DE9B658}.Release|Any CPU.Build.0 = Release|Any CPU
		{CDFB17BD-2D20-4C94-B108-8586093C9BFF}.Debug|Any CPU.ActiveCfg = Debug|Any CPU
		{CDFB17BD-2D20-4C94-B108-8586093C9BFF}.Debug|Any CPU.Build.0 = Debug|Any CPU
		{CDFB17BD-2D20-4C94-B108-8586093C9BFF}.Release|Any CPU.ActiveCfg = Release|Any CPU
		{CDFB17BD-2D20-4C94-B108-8586093C9BFF}.Release|Any CPU.Build.0 = Release|Any CPU
		{03D7D359-66D6-4F63-B7F9-DB89FDCD5FB2}.Debug|Any CPU.ActiveCfg = Debug|Any CPU
		{03D7D359-66D6-4F63-B7F9-DB89FDCD5FB2}.Debug|Any CPU.Build.0 = Debug|Any CPU
		{03D7D359-66D6-4F63-B7F9-DB89FDCD5FB2}.Release|Any CPU.ActiveCfg = Release|Any CPU
		{03D7D359-66D6-4F63-B7F9-DB89FDCD5FB2}.Release|Any CPU.Build.0 = Release|Any CPU
		{052613A8-56F6-43C6-A92D-6DAF7C375465}.Debug|Any CPU.ActiveCfg = Debug|Any CPU
		{052613A8-56F6-43C6-A92D-6DAF7C375465}.Debug|Any CPU.Build.0 = Debug|Any CPU
		{052613A8-56F6-43C6-A92D-6DAF7C375465}.Release|Any CPU.ActiveCfg = Release|Any CPU
		{052613A8-56F6-43C6-A92D-6DAF7C375465}.Release|Any CPU.Build.0 = Release|Any CPU
		{70B9D948-322A-4BC8-BECF-FD5BCB055A00}.Debug|Any CPU.ActiveCfg = Debug|Any CPU
		{70B9D948-322A-4BC8-BECF-FD5BCB055A00}.Debug|Any CPU.Build.0 = Debug|Any CPU
		{70B9D948-322A-4BC8-BECF-FD5BCB055A00}.Release|Any CPU.ActiveCfg = Release|Any CPU
		{70B9D948-322A-4BC8-BECF-FD5BCB055A00}.Release|Any CPU.Build.0 = Release|Any CPU
		{2BCF26E1-B7CF-4E70-BE76-3444C9027B0D}.Debug|Any CPU.ActiveCfg = Debug|Any CPU
		{2BCF26E1-B7CF-4E70-BE76-3444C9027B0D}.Debug|Any CPU.Build.0 = Debug|Any CPU
		{2BCF26E1-B7CF-4E70-BE76-3444C9027B0D}.Release|Any CPU.ActiveCfg = Release|Any CPU
		{2BCF26E1-B7CF-4E70-BE76-3444C9027B0D}.Release|Any CPU.Build.0 = Release|Any CPU
		{745C3242-6F4A-4BC0-847C-5C7CA8A1DA2A}.Debug|Any CPU.ActiveCfg = Debug|Any CPU
		{745C3242-6F4A-4BC0-847C-5C7CA8A1DA2A}.Debug|Any CPU.Build.0 = Debug|Any CPU
		{745C3242-6F4A-4BC0-847C-5C7CA8A1DA2A}.Release|Any CPU.ActiveCfg = Release|Any CPU
		{745C3242-6F4A-4BC0-847C-5C7CA8A1DA2A}.Release|Any CPU.Build.0 = Release|Any CPU
		{F1B8858C-AF97-4085-952F-F18D4C1190C2}.Debug|Any CPU.ActiveCfg = Debug|Any CPU
		{F1B8858C-AF97-4085-952F-F18D4C1190C2}.Debug|Any CPU.Build.0 = Debug|Any CPU
		{F1B8858C-AF97-4085-952F-F18D4C1190C2}.Release|Any CPU.ActiveCfg = Release|Any CPU
		{F1B8858C-AF97-4085-952F-F18D4C1190C2}.Release|Any CPU.Build.0 = Release|Any CPU
		{2CDD5E6C-C7E3-4E83-A4F8-5BB55299077C}.Debug|Any CPU.ActiveCfg = Debug|Any CPU
		{2CDD5E6C-C7E3-4E83-A4F8-5BB55299077C}.Debug|Any CPU.Build.0 = Debug|Any CPU
		{2CDD5E6C-C7E3-4E83-A4F8-5BB55299077C}.Release|Any CPU.ActiveCfg = Release|Any CPU
		{2CDD5E6C-C7E3-4E83-A4F8-5BB55299077C}.Release|Any CPU.Build.0 = Release|Any CPU
		{76AA31B8-BAFE-4EF4-B4E3-091A281E24BE}.Debug|Any CPU.ActiveCfg = Debug|Any CPU
		{76AA31B8-BAFE-4EF4-B4E3-091A281E24BE}.Debug|Any CPU.Build.0 = Debug|Any CPU
		{76AA31B8-BAFE-4EF4-B4E3-091A281E24BE}.Release|Any CPU.ActiveCfg = Release|Any CPU
		{76AA31B8-BAFE-4EF4-B4E3-091A281E24BE}.Release|Any CPU.Build.0 = Release|Any CPU
		{14E598AB-53B0-4FAF-A37E-345137C1B91C}.Debug|Any CPU.ActiveCfg = Debug|Any CPU
		{14E598AB-53B0-4FAF-A37E-345137C1B91C}.Debug|Any CPU.Build.0 = Debug|Any CPU
		{14E598AB-53B0-4FAF-A37E-345137C1B91C}.Release|Any CPU.ActiveCfg = Release|Any CPU
		{14E598AB-53B0-4FAF-A37E-345137C1B91C}.Release|Any CPU.Build.0 = Release|Any CPU
		{233A588F-6656-4AF5-8C24-E993D1F746A3}.Debug|Any CPU.ActiveCfg = Debug|Any CPU
		{233A588F-6656-4AF5-8C24-E993D1F746A3}.Debug|Any CPU.Build.0 = Debug|Any CPU
		{233A588F-6656-4AF5-8C24-E993D1F746A3}.Release|Any CPU.ActiveCfg = Release|Any CPU
		{233A588F-6656-4AF5-8C24-E993D1F746A3}.Release|Any CPU.Build.0 = Release|Any CPU
		{D22C255D-BE35-4C05-8DA5-4E2D527A6763}.Debug|Any CPU.ActiveCfg = Debug|Any CPU
		{D22C255D-BE35-4C05-8DA5-4E2D527A6763}.Debug|Any CPU.Build.0 = Debug|Any CPU
		{D22C255D-BE35-4C05-8DA5-4E2D527A6763}.Release|Any CPU.ActiveCfg = Release|Any CPU
		{D22C255D-BE35-4C05-8DA5-4E2D527A6763}.Release|Any CPU.Build.0 = Release|Any CPU
		{44A296F4-52C3-45E5-867D-78618A784020}.Debug|Any CPU.ActiveCfg = Debug|Any CPU
		{44A296F4-52C3-45E5-867D-78618A784020}.Debug|Any CPU.Build.0 = Debug|Any CPU
		{44A296F4-52C3-45E5-867D-78618A784020}.Release|Any CPU.ActiveCfg = Release|Any CPU
		{44A296F4-52C3-45E5-867D-78618A784020}.Release|Any CPU.Build.0 = Release|Any CPU
		{28737B26-6EE8-459A-8F7C-8B1BECDEF4D8}.Debug|Any CPU.ActiveCfg = Debug|Any CPU
		{28737B26-6EE8-459A-8F7C-8B1BECDEF4D8}.Debug|Any CPU.Build.0 = Debug|Any CPU
		{28737B26-6EE8-459A-8F7C-8B1BECDEF4D8}.Release|Any CPU.ActiveCfg = Release|Any CPU
		{28737B26-6EE8-459A-8F7C-8B1BECDEF4D8}.Release|Any CPU.Build.0 = Release|Any CPU
		{7E0CEB30-370A-43CB-A211-7F63707A41B8}.Debug|Any CPU.ActiveCfg = Debug|Any CPU
		{7E0CEB30-370A-43CB-A211-7F63707A41B8}.Debug|Any CPU.Build.0 = Debug|Any CPU
		{7E0CEB30-370A-43CB-A211-7F63707A41B8}.Release|Any CPU.ActiveCfg = Release|Any CPU
		{7E0CEB30-370A-43CB-A211-7F63707A41B8}.Release|Any CPU.Build.0 = Release|Any CPU
		{26AE8F89-2FE4-4D1C-94BD-6A53A1EA9C02}.Debug|Any CPU.ActiveCfg = Debug|Any CPU
		{26AE8F89-2FE4-4D1C-94BD-6A53A1EA9C02}.Debug|Any CPU.Build.0 = Debug|Any CPU
		{26AE8F89-2FE4-4D1C-94BD-6A53A1EA9C02}.Release|Any CPU.ActiveCfg = Release|Any CPU
		{26AE8F89-2FE4-4D1C-94BD-6A53A1EA9C02}.Release|Any CPU.Build.0 = Release|Any CPU
		{A42BB1C6-F17E-4E9F-B990-539AB4396CC1}.Debug|Any CPU.ActiveCfg = Debug|Any CPU
		{A42BB1C6-F17E-4E9F-B990-539AB4396CC1}.Debug|Any CPU.Build.0 = Debug|Any CPU
		{A42BB1C6-F17E-4E9F-B990-539AB4396CC1}.Release|Any CPU.ActiveCfg = Release|Any CPU
		{A42BB1C6-F17E-4E9F-B990-539AB4396CC1}.Release|Any CPU.Build.0 = Release|Any CPU
		{79D81A72-0E44-455A-BB24-5ACC902C1967}.Debug|Any CPU.ActiveCfg = Debug|Any CPU
		{79D81A72-0E44-455A-BB24-5ACC902C1967}.Debug|Any CPU.Build.0 = Debug|Any CPU
		{79D81A72-0E44-455A-BB24-5ACC902C1967}.Release|Any CPU.ActiveCfg = Release|Any CPU
		{79D81A72-0E44-455A-BB24-5ACC902C1967}.Release|Any CPU.Build.0 = Release|Any CPU
		{DF8D8B23-9734-4428-B717-651AC1F78C2C}.Debug|Any CPU.ActiveCfg = Debug|Any CPU
		{DF8D8B23-9734-4428-B717-651AC1F78C2C}.Debug|Any CPU.Build.0 = Debug|Any CPU
		{DF8D8B23-9734-4428-B717-651AC1F78C2C}.Release|Any CPU.ActiveCfg = Release|Any CPU
		{DF8D8B23-9734-4428-B717-651AC1F78C2C}.Release|Any CPU.Build.0 = Release|Any CPU
		{469CAD69-7C1B-4608-B2B6-DCB0E9F3F3EB}.Debug|Any CPU.ActiveCfg = Debug|Any CPU
		{469CAD69-7C1B-4608-B2B6-DCB0E9F3F3EB}.Debug|Any CPU.Build.0 = Debug|Any CPU
		{469CAD69-7C1B-4608-B2B6-DCB0E9F3F3EB}.Release|Any CPU.ActiveCfg = Release|Any CPU
		{469CAD69-7C1B-4608-B2B6-DCB0E9F3F3EB}.Release|Any CPU.Build.0 = Release|Any CPU
		{9B1BE015-EBE0-46D8-AA5F-CB7DCE1BA2D4}.Debug|Any CPU.ActiveCfg = Debug|Any CPU
		{9B1BE015-EBE0-46D8-AA5F-CB7DCE1BA2D4}.Debug|Any CPU.Build.0 = Debug|Any CPU
		{9B1BE015-EBE0-46D8-AA5F-CB7DCE1BA2D4}.Release|Any CPU.ActiveCfg = Release|Any CPU
		{9B1BE015-EBE0-46D8-AA5F-CB7DCE1BA2D4}.Release|Any CPU.Build.0 = Release|Any CPU
		{F959ABB2-C205-4F12-A375-63F411504C88}.Debug|Any CPU.ActiveCfg = Debug|Any CPU
		{F959ABB2-C205-4F12-A375-63F411504C88}.Debug|Any CPU.Build.0 = Debug|Any CPU
		{F959ABB2-C205-4F12-A375-63F411504C88}.Release|Any CPU.ActiveCfg = Release|Any CPU
		{F959ABB2-C205-4F12-A375-63F411504C88}.Release|Any CPU.Build.0 = Release|Any CPU
		{0B0D5431-2A7D-49A4-9185-6F7EBB18249D}.Debug|Any CPU.ActiveCfg = Debug|Any CPU
		{0B0D5431-2A7D-49A4-9185-6F7EBB18249D}.Debug|Any CPU.Build.0 = Debug|Any CPU
		{0B0D5431-2A7D-49A4-9185-6F7EBB18249D}.Release|Any CPU.ActiveCfg = Release|Any CPU
		{0B0D5431-2A7D-49A4-9185-6F7EBB18249D}.Release|Any CPU.Build.0 = Release|Any CPU
		{89AAD974-3C11-44CC-9E62-FF9500D088A4}.Debug|Any CPU.ActiveCfg = Debug|Any CPU
		{89AAD974-3C11-44CC-9E62-FF9500D088A4}.Debug|Any CPU.Build.0 = Debug|Any CPU
		{89AAD974-3C11-44CC-9E62-FF9500D088A4}.Release|Any CPU.ActiveCfg = Release|Any CPU
		{89AAD974-3C11-44CC-9E62-FF9500D088A4}.Release|Any CPU.Build.0 = Release|Any CPU
		{95F99921-62E3-481D-AEC1-A6C51C29A37D}.Debug|Any CPU.ActiveCfg = Debug|Any CPU
		{95F99921-62E3-481D-AEC1-A6C51C29A37D}.Debug|Any CPU.Build.0 = Debug|Any CPU
		{95F99921-62E3-481D-AEC1-A6C51C29A37D}.Release|Any CPU.ActiveCfg = Release|Any CPU
		{95F99921-62E3-481D-AEC1-A6C51C29A37D}.Release|Any CPU.Build.0 = Release|Any CPU
		{C8C1A063-FE1D-4E03-9F7F-87B2433D78C1}.Debug|Any CPU.ActiveCfg = Debug|Any CPU
		{C8C1A063-FE1D-4E03-9F7F-87B2433D78C1}.Debug|Any CPU.Build.0 = Debug|Any CPU
		{C8C1A063-FE1D-4E03-9F7F-87B2433D78C1}.Release|Any CPU.ActiveCfg = Release|Any CPU
		{C8C1A063-FE1D-4E03-9F7F-87B2433D78C1}.Release|Any CPU.Build.0 = Release|Any CPU
		{E4472F7E-53CD-45A3-91D6-AED5506CC1F3}.Debug|Any CPU.ActiveCfg = Debug|Any CPU
		{E4472F7E-53CD-45A3-91D6-AED5506CC1F3}.Debug|Any CPU.Build.0 = Debug|Any CPU
		{E4472F7E-53CD-45A3-91D6-AED5506CC1F3}.Release|Any CPU.ActiveCfg = Release|Any CPU
		{E4472F7E-53CD-45A3-91D6-AED5506CC1F3}.Release|Any CPU.Build.0 = Release|Any CPU
		{8E3A6CF0-0634-42D8-9354-D4DD7DF04DEF}.Debug|Any CPU.ActiveCfg = Debug|Any CPU
		{8E3A6CF0-0634-42D8-9354-D4DD7DF04DEF}.Debug|Any CPU.Build.0 = Debug|Any CPU
		{8E3A6CF0-0634-42D8-9354-D4DD7DF04DEF}.Release|Any CPU.ActiveCfg = Release|Any CPU
		{8E3A6CF0-0634-42D8-9354-D4DD7DF04DEF}.Release|Any CPU.Build.0 = Release|Any CPU
		{F3AF7F6B-AB01-4136-B1EF-0884E1E63C4A}.Debug|Any CPU.ActiveCfg = Debug|Any CPU
		{F3AF7F6B-AB01-4136-B1EF-0884E1E63C4A}.Debug|Any CPU.Build.0 = Debug|Any CPU
		{F3AF7F6B-AB01-4136-B1EF-0884E1E63C4A}.Release|Any CPU.ActiveCfg = Release|Any CPU
		{F3AF7F6B-AB01-4136-B1EF-0884E1E63C4A}.Release|Any CPU.Build.0 = Release|Any CPU
		{BACE6927-6318-4455-A2CE-182C3CE4445C}.Debug|Any CPU.ActiveCfg = Debug|Any CPU
		{BACE6927-6318-4455-A2CE-182C3CE4445C}.Debug|Any CPU.Build.0 = Debug|Any CPU
		{BACE6927-6318-4455-A2CE-182C3CE4445C}.Release|Any CPU.ActiveCfg = Release|Any CPU
		{BACE6927-6318-4455-A2CE-182C3CE4445C}.Release|Any CPU.Build.0 = Release|Any CPU
		{A8D7567E-A5E2-415F-97D9-AB4B052985A6}.Debug|Any CPU.ActiveCfg = Debug|Any CPU
		{A8D7567E-A5E2-415F-97D9-AB4B052985A6}.Debug|Any CPU.Build.0 = Debug|Any CPU
		{A8D7567E-A5E2-415F-97D9-AB4B052985A6}.Release|Any CPU.ActiveCfg = Release|Any CPU
		{A8D7567E-A5E2-415F-97D9-AB4B052985A6}.Release|Any CPU.Build.0 = Release|Any CPU
		{5564B3AE-9861-40FA-9A51-97DE950F05E7}.Debug|Any CPU.ActiveCfg = Debug|Any CPU
		{5564B3AE-9861-40FA-9A51-97DE950F05E7}.Debug|Any CPU.Build.0 = Debug|Any CPU
		{5564B3AE-9861-40FA-9A51-97DE950F05E7}.Release|Any CPU.ActiveCfg = Release|Any CPU
		{5564B3AE-9861-40FA-9A51-97DE950F05E7}.Release|Any CPU.Build.0 = Release|Any CPU
		{CFDF6261-3753-4601-B3DC-D3DA9656091D}.Debug|Any CPU.ActiveCfg = Debug|Any CPU
		{CFDF6261-3753-4601-B3DC-D3DA9656091D}.Debug|Any CPU.Build.0 = Debug|Any CPU
		{CFDF6261-3753-4601-B3DC-D3DA9656091D}.Release|Any CPU.ActiveCfg = Release|Any CPU
		{CFDF6261-3753-4601-B3DC-D3DA9656091D}.Release|Any CPU.Build.0 = Release|Any CPU
		{49574787-6F69-4538-9695-616686E16CFF}.Debug|Any CPU.ActiveCfg = Debug|Any CPU
		{49574787-6F69-4538-9695-616686E16CFF}.Debug|Any CPU.Build.0 = Debug|Any CPU
		{49574787-6F69-4538-9695-616686E16CFF}.Release|Any CPU.ActiveCfg = Release|Any CPU
		{49574787-6F69-4538-9695-616686E16CFF}.Release|Any CPU.Build.0 = Release|Any CPU
		{7B44FBDD-4FFC-4C4D-B53F-9E2D9B16DD1A}.Debug|Any CPU.ActiveCfg = Debug|Any CPU
		{7B44FBDD-4FFC-4C4D-B53F-9E2D9B16DD1A}.Debug|Any CPU.Build.0 = Debug|Any CPU
		{7B44FBDD-4FFC-4C4D-B53F-9E2D9B16DD1A}.Release|Any CPU.ActiveCfg = Release|Any CPU
		{7B44FBDD-4FFC-4C4D-B53F-9E2D9B16DD1A}.Release|Any CPU.Build.0 = Release|Any CPU
		{3A99531C-E92A-44E6-8B98-11A51ACC797A}.Debug|Any CPU.ActiveCfg = Debug|Any CPU
		{3A99531C-E92A-44E6-8B98-11A51ACC797A}.Debug|Any CPU.Build.0 = Debug|Any CPU
		{3A99531C-E92A-44E6-8B98-11A51ACC797A}.Release|Any CPU.ActiveCfg = Release|Any CPU
		{3A99531C-E92A-44E6-8B98-11A51ACC797A}.Release|Any CPU.Build.0 = Release|Any CPU
		{434630C6-03DB-4078-B316-91CC1282F82E}.Debug|Any CPU.ActiveCfg = Debug|Any CPU
		{434630C6-03DB-4078-B316-91CC1282F82E}.Debug|Any CPU.Build.0 = Debug|Any CPU
		{434630C6-03DB-4078-B316-91CC1282F82E}.Release|Any CPU.ActiveCfg = Release|Any CPU
		{434630C6-03DB-4078-B316-91CC1282F82E}.Release|Any CPU.Build.0 = Release|Any CPU
		{4FDCFFF7-7A89-449B-80BE-76E6935BCCB3}.Debug|Any CPU.ActiveCfg = Debug|Any CPU
		{4FDCFFF7-7A89-449B-80BE-76E6935BCCB3}.Debug|Any CPU.Build.0 = Debug|Any CPU
		{4FDCFFF7-7A89-449B-80BE-76E6935BCCB3}.Release|Any CPU.ActiveCfg = Release|Any CPU
		{4FDCFFF7-7A89-449B-80BE-76E6935BCCB3}.Release|Any CPU.Build.0 = Release|Any CPU
		{A9C4EB9F-9F42-4D00-809E-BFEBD0B16D61}.Debug|Any CPU.ActiveCfg = Debug|Any CPU
		{A9C4EB9F-9F42-4D00-809E-BFEBD0B16D61}.Debug|Any CPU.Build.0 = Debug|Any CPU
		{A9C4EB9F-9F42-4D00-809E-BFEBD0B16D61}.Release|Any CPU.ActiveCfg = Release|Any CPU
		{A9C4EB9F-9F42-4D00-809E-BFEBD0B16D61}.Release|Any CPU.Build.0 = Release|Any CPU
		{0F75EDA2-D4C8-471B-8E8E-D98E6E251397}.Debug|Any CPU.ActiveCfg = Debug|Any CPU
		{0F75EDA2-D4C8-471B-8E8E-D98E6E251397}.Debug|Any CPU.Build.0 = Debug|Any CPU
		{0F75EDA2-D4C8-471B-8E8E-D98E6E251397}.Release|Any CPU.ActiveCfg = Release|Any CPU
		{0F75EDA2-D4C8-471B-8E8E-D98E6E251397}.Release|Any CPU.Build.0 = Release|Any CPU
		{80422DFA-D571-4247-A076-4BCBB8E7877C}.Debug|Any CPU.ActiveCfg = Debug|Any CPU
		{80422DFA-D571-4247-A076-4BCBB8E7877C}.Debug|Any CPU.Build.0 = Debug|Any CPU
		{80422DFA-D571-4247-A076-4BCBB8E7877C}.Release|Any CPU.ActiveCfg = Release|Any CPU
		{80422DFA-D571-4247-A076-4BCBB8E7877C}.Release|Any CPU.Build.0 = Release|Any CPU
		{10912F6A-FF28-4F5F-9926-43834152D736}.Debug|Any CPU.ActiveCfg = Debug|Any CPU
		{10912F6A-FF28-4F5F-9926-43834152D736}.Debug|Any CPU.Build.0 = Debug|Any CPU
		{10912F6A-FF28-4F5F-9926-43834152D736}.Release|Any CPU.ActiveCfg = Release|Any CPU
		{10912F6A-FF28-4F5F-9926-43834152D736}.Release|Any CPU.Build.0 = Release|Any CPU
		{416D94F0-1D8B-4CA9-A160-9B4E81625149}.Debug|Any CPU.ActiveCfg = Debug|Any CPU
		{416D94F0-1D8B-4CA9-A160-9B4E81625149}.Debug|Any CPU.Build.0 = Debug|Any CPU
		{416D94F0-1D8B-4CA9-A160-9B4E81625149}.Release|Any CPU.ActiveCfg = Release|Any CPU
		{416D94F0-1D8B-4CA9-A160-9B4E81625149}.Release|Any CPU.Build.0 = Release|Any CPU
		{6639CEA7-9504-4CBA-B26B-7504BCC0D30D}.Debug|Any CPU.ActiveCfg = Debug|Any CPU
		{6639CEA7-9504-4CBA-B26B-7504BCC0D30D}.Debug|Any CPU.Build.0 = Debug|Any CPU
		{6639CEA7-9504-4CBA-B26B-7504BCC0D30D}.Release|Any CPU.ActiveCfg = Release|Any CPU
		{6639CEA7-9504-4CBA-B26B-7504BCC0D30D}.Release|Any CPU.Build.0 = Release|Any CPU
		{E0BB3B9F-F3C6-44E5-A03A-4FF9FD64EEA3}.Debug|Any CPU.ActiveCfg = Debug|Any CPU
		{E0BB3B9F-F3C6-44E5-A03A-4FF9FD64EEA3}.Debug|Any CPU.Build.0 = Debug|Any CPU
		{E0BB3B9F-F3C6-44E5-A03A-4FF9FD64EEA3}.Release|Any CPU.ActiveCfg = Release|Any CPU
		{E0BB3B9F-F3C6-44E5-A03A-4FF9FD64EEA3}.Release|Any CPU.Build.0 = Release|Any CPU
		{B30727C8-A961-463D-9AF1-C973C0263D68}.Debug|Any CPU.ActiveCfg = Debug|Any CPU
		{B30727C8-A961-463D-9AF1-C973C0263D68}.Debug|Any CPU.Build.0 = Debug|Any CPU
		{B30727C8-A961-463D-9AF1-C973C0263D68}.Release|Any CPU.ActiveCfg = Release|Any CPU
		{B30727C8-A961-463D-9AF1-C973C0263D68}.Release|Any CPU.Build.0 = Release|Any CPU
		{80698168-EBEE-4480-A02F-022D2346ED6D}.Debug|Any CPU.ActiveCfg = Debug|Any CPU
		{80698168-EBEE-4480-A02F-022D2346ED6D}.Debug|Any CPU.Build.0 = Debug|Any CPU
		{80698168-EBEE-4480-A02F-022D2346ED6D}.Release|Any CPU.ActiveCfg = Release|Any CPU
		{80698168-EBEE-4480-A02F-022D2346ED6D}.Release|Any CPU.Build.0 = Release|Any CPU
		{9A468036-E65E-45E0-A87E-B0C6686B8246}.Debug|Any CPU.ActiveCfg = Debug|Any CPU
		{9A468036-E65E-45E0-A87E-B0C6686B8246}.Debug|Any CPU.Build.0 = Debug|Any CPU
		{9A468036-E65E-45E0-A87E-B0C6686B8246}.Release|Any CPU.ActiveCfg = Release|Any CPU
		{9A468036-E65E-45E0-A87E-B0C6686B8246}.Release|Any CPU.Build.0 = Release|Any CPU
		{7C5C4A77-C6C9-43B8-AA3D-A4904DCCB430}.Debug|Any CPU.ActiveCfg = Debug|Any CPU
		{7C5C4A77-C6C9-43B8-AA3D-A4904DCCB430}.Debug|Any CPU.Build.0 = Debug|Any CPU
		{7C5C4A77-C6C9-43B8-AA3D-A4904DCCB430}.Release|Any CPU.ActiveCfg = Release|Any CPU
		{7C5C4A77-C6C9-43B8-AA3D-A4904DCCB430}.Release|Any CPU.Build.0 = Release|Any CPU
		{99E27E58-1512-450D-8865-9B66C345AA47}.Debug|Any CPU.ActiveCfg = Debug|Any CPU
		{99E27E58-1512-450D-8865-9B66C345AA47}.Debug|Any CPU.Build.0 = Debug|Any CPU
		{99E27E58-1512-450D-8865-9B66C345AA47}.Release|Any CPU.ActiveCfg = Release|Any CPU
		{99E27E58-1512-450D-8865-9B66C345AA47}.Release|Any CPU.Build.0 = Release|Any CPU
		{CEB06E4E-253A-4383-A6D4-58D30204DFD0}.Debug|Any CPU.ActiveCfg = Debug|Any CPU
		{CEB06E4E-253A-4383-A6D4-58D30204DFD0}.Debug|Any CPU.Build.0 = Debug|Any CPU
		{CEB06E4E-253A-4383-A6D4-58D30204DFD0}.Release|Any CPU.ActiveCfg = Release|Any CPU
		{CEB06E4E-253A-4383-A6D4-58D30204DFD0}.Release|Any CPU.Build.0 = Release|Any CPU
		{932EC3A8-7BC9-4A32-B1D3-66B143650B0F}.Debug|Any CPU.ActiveCfg = Debug|Any CPU
		{932EC3A8-7BC9-4A32-B1D3-66B143650B0F}.Debug|Any CPU.Build.0 = Debug|Any CPU
		{932EC3A8-7BC9-4A32-B1D3-66B143650B0F}.Release|Any CPU.ActiveCfg = Release|Any CPU
		{932EC3A8-7BC9-4A32-B1D3-66B143650B0F}.Release|Any CPU.Build.0 = Release|Any CPU
		{FB9776EC-FBA9-4AB0-AE23-C51F8FAE4F94}.Debug|Any CPU.ActiveCfg = Debug|Any CPU
		{FB9776EC-FBA9-4AB0-AE23-C51F8FAE4F94}.Debug|Any CPU.Build.0 = Debug|Any CPU
		{FB9776EC-FBA9-4AB0-AE23-C51F8FAE4F94}.Release|Any CPU.ActiveCfg = Release|Any CPU
		{FB9776EC-FBA9-4AB0-AE23-C51F8FAE4F94}.Release|Any CPU.Build.0 = Release|Any CPU
		{AA92A061-A2F2-4F60-BBD5-F2EEC67DC778}.Debug|Any CPU.ActiveCfg = Debug|Any CPU
		{AA92A061-A2F2-4F60-BBD5-F2EEC67DC778}.Debug|Any CPU.Build.0 = Debug|Any CPU
		{AA92A061-A2F2-4F60-BBD5-F2EEC67DC778}.Release|Any CPU.ActiveCfg = Release|Any CPU
		{AA92A061-A2F2-4F60-BBD5-F2EEC67DC778}.Release|Any CPU.Build.0 = Release|Any CPU
		{082D6D39-439D-4E04-A748-0826EFE3B206}.Debug|Any CPU.ActiveCfg = Debug|Any CPU
		{082D6D39-439D-4E04-A748-0826EFE3B206}.Debug|Any CPU.Build.0 = Debug|Any CPU
		{082D6D39-439D-4E04-A748-0826EFE3B206}.Release|Any CPU.ActiveCfg = Release|Any CPU
		{082D6D39-439D-4E04-A748-0826EFE3B206}.Release|Any CPU.Build.0 = Release|Any CPU
		{8A00B6ED-6D2D-4365-B1C9-9A47B11A870B}.Debug|Any CPU.ActiveCfg = Debug|Any CPU
		{8A00B6ED-6D2D-4365-B1C9-9A47B11A870B}.Debug|Any CPU.Build.0 = Debug|Any CPU
		{8A00B6ED-6D2D-4365-B1C9-9A47B11A870B}.Release|Any CPU.ActiveCfg = Release|Any CPU
		{8A00B6ED-6D2D-4365-B1C9-9A47B11A870B}.Release|Any CPU.Build.0 = Release|Any CPU
	EndGlobalSection
	GlobalSection(SolutionProperties) = preSolution
		HideSolutionNode = FALSE
	EndGlobalSection
	GlobalSection(NestedProjects) = preSolution
		{24EAF5E3-5B77-4055-87D7-B286394FA555} = {B3DEBBE1-8948-4185-8757-F4C4632B100F}
		{135C1C7B-B443-4537-98DB-1E5AF56EFADE} = {B3DEBBE1-8948-4185-8757-F4C4632B100F}
		{7A54E2EA-8CA8-4330-8596-B2AABBF57730} = {B3DEBBE1-8948-4185-8757-F4C4632B100F}
		{AA0048B7-4BD2-478F-9CEC-8CD5D5362218} = {B3DEBBE1-8948-4185-8757-F4C4632B100F}
		{51E3E164-1B42-4E9F-BDD4-FD4D93569D01} = {B3DEBBE1-8948-4185-8757-F4C4632B100F}
		{E633D81A-2247-4B74-9CCA-D611F96CA8C8} = {B3DEBBE1-8948-4185-8757-F4C4632B100F}
		{A7D9FBDB-86F2-4B9E-8376-96059A280110} = {AB37BBD1-9445-4419-9E45-78CB4929CC52}
		{01124DF3-0DA3-48C8-9606-01FC724982AD} = {AB37BBD1-9445-4419-9E45-78CB4929CC52}
		{6E18DC89-D6F6-4133-8AD0-15E07CBB6DD1} = {AB37BBD1-9445-4419-9E45-78CB4929CC52}
		{C76D3295-0A52-4512-8C7D-85EFA5DA5D1A} = {AFD00E59-D45A-439E-9539-8E6DF15FCDD4}
		{F2C1471E-F28E-4602-BCDF-E3DC4DD69535} = {AFD00E59-D45A-439E-9539-8E6DF15FCDD4}
		{636D68A8-E24B-4304-B0A8-2F35A094FA23} = {AFD00E59-D45A-439E-9539-8E6DF15FCDD4}
		{D176DCCD-034A-4A15-AB2A-4CBCC3376137} = {AFD00E59-D45A-439E-9539-8E6DF15FCDD4}
		{9B32CA0E-382A-4F25-BA4A-0B314427E1C9} = {6E6ECC0E-2DA3-4EED-B4F2-BB921A30CADD}
		{6EF76D1A-999A-403F-B35D-CA4D87987BD9} = {6E6ECC0E-2DA3-4EED-B4F2-BB921A30CADD}
		{56B9E260-5BCF-48DF-BEC5-35A95B16F988} = {6E6ECC0E-2DA3-4EED-B4F2-BB921A30CADD}
		{B744A560-A524-4A00-92CC-EE26E76B8671} = {6E6ECC0E-2DA3-4EED-B4F2-BB921A30CADD}
		{6214E2F9-F0D5-4807-AE44-0BC1CF37B814} = {6E6ECC0E-2DA3-4EED-B4F2-BB921A30CADD}
		{DF5D27C0-5A94-45AB-B8C1-EBC6387C55BA} = {6E6ECC0E-2DA3-4EED-B4F2-BB921A30CADD}
		{FD70D448-BA1E-46F6-A7C5-818D4AAC9A64} = {6E6ECC0E-2DA3-4EED-B4F2-BB921A30CADD}
		{932DD7BA-1622-419C-8F80-A478CC0591AD} = {6E6ECC0E-2DA3-4EED-B4F2-BB921A30CADD}
		{78D1BB2B-D020-402F-AC66-F4E191D9C978} = {6E6ECC0E-2DA3-4EED-B4F2-BB921A30CADD}
		{1D295FB3-1239-4E16-8AA6-94133BFD9927} = {6E6ECC0E-2DA3-4EED-B4F2-BB921A30CADD}
		{C994DD25-DA58-4185-A09B-C0C17E1F915A} = {6E6ECC0E-2DA3-4EED-B4F2-BB921A30CADD}
		{70053226-0A6B-4F50-8F7D-431BA975956E} = {6E6ECC0E-2DA3-4EED-B4F2-BB921A30CADD}
		{F08FA231-6493-49F1-9E31-26A55F23EF07} = {6E6ECC0E-2DA3-4EED-B4F2-BB921A30CADD}
		{DBAFEAA9-7CD2-40F2-A4A9-CD28D4D1E50F} = {AB37BBD1-9445-4419-9E45-78CB4929CC52}
		{006FFD8C-C69E-4514-87E3-7637EEA96556} = {AB37BBD1-9445-4419-9E45-78CB4929CC52}
		{DAB72A77-D13F-47B1-9FDD-128D0BD1B199} = {AB37BBD1-9445-4419-9E45-78CB4929CC52}
		{70212D9C-899F-43C5-A87F-1BBEC531B619} = {AB37BBD1-9445-4419-9E45-78CB4929CC52}
		{35ACD4F9-320F-4846-93BC-BE72B86655FC} = {AB37BBD1-9445-4419-9E45-78CB4929CC52}
		{D3914954-0C49-413B-AD09-F5115145C127} = {AB37BBD1-9445-4419-9E45-78CB4929CC52}
		{35D14E84-95DF-4133-9FCF-B967BD9B3AA4} = {AB37BBD1-9445-4419-9E45-78CB4929CC52}
		{FCBD8B42-4382-4FF5-8602-F5ADC2990696} = {B7EDB1DC-994D-4790-B40E-93E6E48B7B21}
		{33247429-9B1D-4322-88DF-BE9767308C2A} = {B7EDB1DC-994D-4790-B40E-93E6E48B7B21}
		{D68AA88D-DB66-4C60-BE0F-3C9347F87044} = {B7EDB1DC-994D-4790-B40E-93E6E48B7B21}
		{6579EA12-7FEA-482B-87EB-3E1854972E5D} = {7297D9CD-EBEA-46B2-9866-BB3841CA9957}
		{D0E7FBFB-1C0D-4653-9467-884BB9471860} = {7297D9CD-EBEA-46B2-9866-BB3841CA9957}
		{31B4D449-1F5A-4058-A49C-CF7C7BD51678} = {7297D9CD-EBEA-46B2-9866-BB3841CA9957}
		{8201C2BB-1FFF-4E27-AB75-AB44E8379668} = {B7EDB1DC-994D-4790-B40E-93E6E48B7B21}
		{40A16058-EF8B-48E1-A131-73256E6F34A3} = {7297D9CD-EBEA-46B2-9866-BB3841CA9957}
		{D8E8C3BB-4768-4F48-A4D5-F6E96779736E} = {7297D9CD-EBEA-46B2-9866-BB3841CA9957}
		{387140C4-F8B7-4879-994F-40A526F17240} = {7297D9CD-EBEA-46B2-9866-BB3841CA9957}
		{8FFCFC64-4A9F-4307-828A-405B9DEF87A9} = {FE561680-C932-43BC-A033-AA92689675FD}
		{9ECB38C9-B25D-4217-A3A2-7739B923930A} = {FE561680-C932-43BC-A033-AA92689675FD}
		{0DA1A585-2953-4F1E-98A2-8A9991E5069D} = {FE561680-C932-43BC-A033-AA92689675FD}
		{3B891CCD-011C-4F45-9A98-4FF244548AD6} = {FE561680-C932-43BC-A033-AA92689675FD}
		{DEA337C0-0766-424D-AA76-4A4C91DE7439} = {FE561680-C932-43BC-A033-AA92689675FD}
		{E27C25D1-9A4A-4282-A77D-0CE680AEDF6E} = {B6F2A440-1F29-49E6-AD9D-97424FD211B0}
		{ABB554D3-2891-40A7-BD76-8E6637D743B7} = {B6F2A440-1F29-49E6-AD9D-97424FD211B0}
		{5D757E87-95FC-4FA3-9080-88107A95F08E} = {B6F2A440-1F29-49E6-AD9D-97424FD211B0}
		{8BE94700-5D37-44AC-9811-D881E92965BB} = {B6F2A440-1F29-49E6-AD9D-97424FD211B0}
		{B206ABBF-E406-4D19-BFC8-5EBE0EE822B4} = {B6F2A440-1F29-49E6-AD9D-97424FD211B0}
		{EE66D081-72C2-4302-B37E-5E2FB240A4E4} = {B6F2A440-1F29-49E6-AD9D-97424FD211B0}
		{4C111DC0-7EE3-40DB-AB1D-A32806BBFA17} = {B6F2A440-1F29-49E6-AD9D-97424FD211B0}
		{8F7D4B0A-C2FC-4AF8-B548-09C726B68453} = {B6F2A440-1F29-49E6-AD9D-97424FD211B0}
		{3131822E-E73B-49D2-9C94-02E107D4FC88} = {B6F2A440-1F29-49E6-AD9D-97424FD211B0}
		{47BF989C-6C82-4353-B2D1-F302F1BEA626} = {B6F2A440-1F29-49E6-AD9D-97424FD211B0}
		{BEF491A1-7787-4CC1-B7FA-7724359606C2} = {B6F2A440-1F29-49E6-AD9D-97424FD211B0}
		{C48AAAC5-A23D-401E-97CE-32E5518750FB} = {97A3F143-F025-4479-A758-2F3B066C015B}
		{9EC67223-677A-41F4-9571-7429E6B64486} = {97A3F143-F025-4479-A758-2F3B066C015B}
		{9182D412-F4DC-4B73-BE9F-09AE6DE9B658} = {97A3F143-F025-4479-A758-2F3B066C015B}
		{CDFB17BD-2D20-4C94-B108-8586093C9BFF} = {97A3F143-F025-4479-A758-2F3B066C015B}
		{03D7D359-66D6-4F63-B7F9-DB89FDCD5FB2} = {97A3F143-F025-4479-A758-2F3B066C015B}
		{052613A8-56F6-43C6-A92D-6DAF7C375465} = {97A3F143-F025-4479-A758-2F3B066C015B}
		{70B9D948-322A-4BC8-BECF-FD5BCB055A00} = {97A3F143-F025-4479-A758-2F3B066C015B}
		{2BCF26E1-B7CF-4E70-BE76-3444C9027B0D} = {97A3F143-F025-4479-A758-2F3B066C015B}
		{745C3242-6F4A-4BC0-847C-5C7CA8A1DA2A} = {51E9F0CA-9756-4526-B6B5-4371874F89FF}
		{F1B8858C-AF97-4085-952F-F18D4C1190C2} = {51E9F0CA-9756-4526-B6B5-4371874F89FF}
		{2CDD5E6C-C7E3-4E83-A4F8-5BB55299077C} = {51E9F0CA-9756-4526-B6B5-4371874F89FF}
		{76AA31B8-BAFE-4EF4-B4E3-091A281E24BE} = {51E9F0CA-9756-4526-B6B5-4371874F89FF}
		{14E598AB-53B0-4FAF-A37E-345137C1B91C} = {51E9F0CA-9756-4526-B6B5-4371874F89FF}
		{233A588F-6656-4AF5-8C24-E993D1F746A3} = {51E9F0CA-9756-4526-B6B5-4371874F89FF}
		{D22C255D-BE35-4C05-8DA5-4E2D527A6763} = {51E9F0CA-9756-4526-B6B5-4371874F89FF}
		{44A296F4-52C3-45E5-867D-78618A784020} = {51E9F0CA-9756-4526-B6B5-4371874F89FF}
		{28737B26-6EE8-459A-8F7C-8B1BECDEF4D8} = {2970D239-FEAA-4C74-8FE5-5F459A801618}
		{7E0CEB30-370A-43CB-A211-7F63707A41B8} = {2970D239-FEAA-4C74-8FE5-5F459A801618}
		{26AE8F89-2FE4-4D1C-94BD-6A53A1EA9C02} = {2970D239-FEAA-4C74-8FE5-5F459A801618}
		{A42BB1C6-F17E-4E9F-B990-539AB4396CC1} = {2970D239-FEAA-4C74-8FE5-5F459A801618}
		{79D81A72-0E44-455A-BB24-5ACC902C1967} = {2970D239-FEAA-4C74-8FE5-5F459A801618}
		{DF8D8B23-9734-4428-B717-651AC1F78C2C} = {51E9F0CA-9756-4526-B6B5-4371874F89FF}
		{469CAD69-7C1B-4608-B2B6-DCB0E9F3F3EB} = {B6F2A440-1F29-49E6-AD9D-97424FD211B0}
		{9B1BE015-EBE0-46D8-AA5F-CB7DCE1BA2D4} = {B6F2A440-1F29-49E6-AD9D-97424FD211B0}
		{F959ABB2-C205-4F12-A375-63F411504C88} = {B6F2A440-1F29-49E6-AD9D-97424FD211B0}
		{0B0D5431-2A7D-49A4-9185-6F7EBB18249D} = {B6F2A440-1F29-49E6-AD9D-97424FD211B0}
		{89AAD974-3C11-44CC-9E62-FF9500D088A4} = {09AAEE68-14CD-49C7-82F5-9F2340617B5F}
		{95F99921-62E3-481D-AEC1-A6C51C29A37D} = {09AAEE68-14CD-49C7-82F5-9F2340617B5F}
		{C8C1A063-FE1D-4E03-9F7F-87B2433D78C1} = {09AAEE68-14CD-49C7-82F5-9F2340617B5F}
		{E4472F7E-53CD-45A3-91D6-AED5506CC1F3} = {09AAEE68-14CD-49C7-82F5-9F2340617B5F}
		{8E3A6CF0-0634-42D8-9354-D4DD7DF04DEF} = {09AAEE68-14CD-49C7-82F5-9F2340617B5F}
		{F3AF7F6B-AB01-4136-B1EF-0884E1E63C4A} = {09AAEE68-14CD-49C7-82F5-9F2340617B5F}
		{BACE6927-6318-4455-A2CE-182C3CE4445C} = {09AAEE68-14CD-49C7-82F5-9F2340617B5F}
		{A8D7567E-A5E2-415F-97D9-AB4B052985A6} = {09AAEE68-14CD-49C7-82F5-9F2340617B5F}
		{5564B3AE-9861-40FA-9A51-97DE950F05E7} = {09AAEE68-14CD-49C7-82F5-9F2340617B5F}
		{CFDF6261-3753-4601-B3DC-D3DA9656091D} = {09AAEE68-14CD-49C7-82F5-9F2340617B5F}
		{49574787-6F69-4538-9695-616686E16CFF} = {09AAEE68-14CD-49C7-82F5-9F2340617B5F}
		{7B44FBDD-4FFC-4C4D-B53F-9E2D9B16DD1A} = {E7D4C3B4-86A0-4C69-AC3D-C01984F90413}
		{3A99531C-E92A-44E6-8B98-11A51ACC797A} = {E7D4C3B4-86A0-4C69-AC3D-C01984F90413}
		{434630C6-03DB-4078-B316-91CC1282F82E} = {E7D4C3B4-86A0-4C69-AC3D-C01984F90413}
		{4FDCFFF7-7A89-449B-80BE-76E6935BCCB3} = {E7D4C3B4-86A0-4C69-AC3D-C01984F90413}
		{A9C4EB9F-9F42-4D00-809E-BFEBD0B16D61} = {E7D4C3B4-86A0-4C69-AC3D-C01984F90413}
		{0F75EDA2-D4C8-471B-8E8E-D98E6E251397} = {E7D4C3B4-86A0-4C69-AC3D-C01984F90413}
		{80422DFA-D571-4247-A076-4BCBB8E7877C} = {E7D4C3B4-86A0-4C69-AC3D-C01984F90413}
		{10912F6A-FF28-4F5F-9926-43834152D736} = {E7D4C3B4-86A0-4C69-AC3D-C01984F90413}
		{416D94F0-1D8B-4CA9-A160-9B4E81625149} = {09AAEE68-14CD-49C7-82F5-9F2340617B5F}
		{9A468036-E65E-45E0-A87E-B0C6686B8246} = {35F958F1-DD08-4A1B-95B4-B657D744EF27}
		{7C5C4A77-C6C9-43B8-AA3D-A4904DCCB430} = {35F958F1-DD08-4A1B-95B4-B657D744EF27}
		{99E27E58-1512-450D-8865-9B66C345AA47} = {35F958F1-DD08-4A1B-95B4-B657D744EF27}
		{CEB06E4E-253A-4383-A6D4-58D30204DFD0} = {35F958F1-DD08-4A1B-95B4-B657D744EF27}
		{932EC3A8-7BC9-4A32-B1D3-66B143650B0F} = {B48BB760-8060-4814-912B-C8AD08EE30F9}
		{FB9776EC-FBA9-4AB0-AE23-C51F8FAE4F94} = {AB37BBD1-9445-4419-9E45-78CB4929CC52}
		{AA92A061-A2F2-4F60-BBD5-F2EEC67DC778} = {5B4F05FF-8750-414F-9453-9039893978B3}
		{082D6D39-439D-4E04-A748-0826EFE3B206} = {5B4F05FF-8750-414F-9453-9039893978B3}
		{8A00B6ED-6D2D-4365-B1C9-9A47B11A870B} = {6E6ECC0E-2DA3-4EED-B4F2-BB921A30CADD}
	EndGlobalSection
EndGlobal
